// !$*UTF8*$!
{
	archiveVersion = 1;
	classes = {
	};
	objectVersion = 45;
	objects = {

/* Begin PBXBuildFile section */
		1DDD58160DA1D0A300B32029 /* MainMenu.xib in Resources */ = {isa = PBXBuildFile; fileRef = 1DDD58140DA1D0A300B32029 /* MainMenu.xib */; };
		256AC3DA0F4B6AC300CF3369 /* CloudwatchAppDelegate.m in Sources */ = {isa = PBXBuildFile; fileRef = 256AC3D90F4B6AC300CF3369 /* CloudwatchAppDelegate.m */; };
		8D11072B0486CEB800E47090 /* InfoPlist.strings in Resources */ = {isa = PBXBuildFile; fileRef = 089C165CFE840E0CC02AAC07 /* InfoPlist.strings */; };
		8D11072D0486CEB800E47090 /* main.m in Sources */ = {isa = PBXBuildFile; fileRef = 29B97316FDCFA39411CA2CEA /* main.m */; settings = {ATTRIBUTES = (); }; };
		8D11072F0486CEB800E47090 /* Cocoa.framework in Frameworks */ = {isa = PBXBuildFile; fileRef = 1058C7A1FEA54F0111CA2CBB /* Cocoa.framework */; };
		C32C295D12C0C60900F2C136 /* AWSConstants.m in Sources */ = {isa = PBXBuildFile; fileRef = C32C290B12C0C60900F2C136 /* AWSConstants.m */; };
		C32C295E12C0C60900F2C136 /* AWSRequest.m in Sources */ = {isa = PBXBuildFile; fileRef = C32C290D12C0C60900F2C136 /* AWSRequest.m */; };
		C32C295F12C0C60900F2C136 /* NSData+Base64.m in Sources */ = {isa = PBXBuildFile; fileRef = C32C290F12C0C60900F2C136 /* NSData+Base64.m */; };
		C32C296012C0C60900F2C136 /* NSString+HMAC-SHA1.m in Sources */ = {isa = PBXBuildFile; fileRef = C32C291112C0C60900F2C136 /* NSString+HMAC-SHA1.m */; };
		C32C296112C0C60900F2C136 /* NSString+URLEncoding.m in Sources */ = {isa = PBXBuildFile; fileRef = C32C291312C0C60900F2C136 /* NSString+URLEncoding.m */; };
		C32C296412C0C60900F2C136 /* EC2DescribeInstancesRequest.m in Sources */ = {isa = PBXBuildFile; fileRef = C32C291A12C0C60900F2C136 /* EC2DescribeInstancesRequest.m */; };
		C32C296A12C0C60900F2C136 /* EC2DescribeInstancesResponse.m in Sources */ = {isa = PBXBuildFile; fileRef = C32C292712C0C60900F2C136 /* EC2DescribeInstancesResponse.m */; };
		C32C296D12C0C60900F2C136 /* AWSResponse.m in Sources */ = {isa = PBXBuildFile; fileRef = C32C292D12C0C60900F2C136 /* AWSResponse.m */; };
		C32C297412C0C60900F2C136 /* EC2Instance.m in Sources */ = {isa = PBXBuildFile; fileRef = C32C293C12C0C60900F2C136 /* EC2Instance.m */; };
		C32C297712C0C60900F2C136 /* EC2InstanceState.m in Sources */ = {isa = PBXBuildFile; fileRef = C32C294212C0C60900F2C136 /* EC2InstanceState.m */; };
		C32C298112C0C60900F2C136 /* EC2Tag.m in Sources */ = {isa = PBXBuildFile; fileRef = C32C295612C0C60900F2C136 /* EC2Tag.m */; };
		C32C298C12C0C63900F2C136 /* NSDataAdditions.m in Sources */ = {isa = PBXBuildFile; fileRef = C32C298912C0C63900F2C136 /* NSDataAdditions.m */; };
		C32C298D12C0C63900F2C136 /* TBXML.m in Sources */ = {isa = PBXBuildFile; fileRef = C32C298B12C0C63900F2C136 /* TBXML.m */; };
		C32C299E12C0C7FF00F2C136 /* EC2Type.m in Sources */ = {isa = PBXBuildFile; fileRef = C32C299D12C0C7FF00F2C136 /* EC2Type.m */; };
		C32C29BE12C0C93500F2C136 /* EC2Reservation.m in Sources */ = {isa = PBXBuildFile; fileRef = C32C29BD12C0C93500F2C136 /* EC2Reservation.m */; };
		C32C29CA12C0C9BB00F2C136 /* libz.dylib in Frameworks */ = {isa = PBXBuildFile; fileRef = C32C29C912C0C9BB00F2C136 /* libz.dylib */; };
		C32C2A0212C0CF2000F2C136 /* DataSource.m in Sources */ = {isa = PBXBuildFile; fileRef = C32C2A0112C0CF2000F2C136 /* DataSource.m */; };
		C32C2B5312C0E2B600F2C136 /* InstanceStateOther.png in Resources */ = {isa = PBXBuildFile; fileRef = C32C2B4E12C0E2B600F2C136 /* InstanceStateOther.png */; };
		C32C2B5412C0E2B600F2C136 /* InstanceStateRunning.png in Resources */ = {isa = PBXBuildFile; fileRef = C32C2B4F12C0E2B600F2C136 /* InstanceStateRunning.png */; };
		C32C2B5512C0E2B600F2C136 /* InstanceStateStopped.png in Resources */ = {isa = PBXBuildFile; fileRef = C32C2B5012C0E2B600F2C136 /* InstanceStateStopped.png */; };
		C32C2B5612C0E2B600F2C136 /* InstanceStateTerminated.png in Resources */ = {isa = PBXBuildFile; fileRef = C32C2B5112C0E2B600F2C136 /* InstanceStateTerminated.png */; };
		C32C2B5712C0E2B600F2C136 /* StatusItem.png in Resources */ = {isa = PBXBuildFile; fileRef = C32C2B5212C0E2B600F2C136 /* StatusItem.png */; };
		C32C30FA12C20F2F00F2C136 /* QuartzCore.framework in Frameworks */ = {isa = PBXBuildFile; fileRef = C32C30F912C20F2F00F2C136 /* QuartzCore.framework */; };
		C32C319412C21F1900F2C136 /* EC2Request.m in Sources */ = {isa = PBXBuildFile; fileRef = C32C319312C21F1900F2C136 /* EC2Request.m */; };
		C32C319712C21F7E00F2C136 /* MonitoringRequest.m in Sources */ = {isa = PBXBuildFile; fileRef = C32C319612C21F7E00F2C136 /* MonitoringRequest.m */; };
		C32C31D612C22D1C00F2C136 /* MonitoringGetMetricStatisticsRequest.m in Sources */ = {isa = PBXBuildFile; fileRef = C32C31D512C22D1C00F2C136 /* MonitoringGetMetricStatisticsRequest.m */; };
		C32C31E112C22DBA00F2C136 /* EC2Response.m in Sources */ = {isa = PBXBuildFile; fileRef = C32C31E012C22DBA00F2C136 /* EC2Response.m */; };
		C32C321712C2312E00F2C136 /* MonitoringResponse.m in Sources */ = {isa = PBXBuildFile; fileRef = C32C321612C2312E00F2C136 /* MonitoringResponse.m */; };
		C32C321A12C2319D00F2C136 /* MonitoringGetMetricStatisticsResponse.m in Sources */ = {isa = PBXBuildFile; fileRef = C32C321912C2319D00F2C136 /* MonitoringGetMetricStatisticsResponse.m */; };
		C32C328012C239FE00F2C136 /* NSDate+StringConversions.m in Sources */ = {isa = PBXBuildFile; fileRef = C32C327F12C239FE00F2C136 /* NSDate+StringConversions.m */; };
		C32C32B112C23CDA00F2C136 /* NSString+DateConversions.m in Sources */ = {isa = PBXBuildFile; fileRef = C32C32B012C23CDA00F2C136 /* NSString+DateConversions.m */; };
		C32C32F912C23FE000F2C136 /* MonitoringDatapoint.m in Sources */ = {isa = PBXBuildFile; fileRef = C32C32F812C23FE000F2C136 /* MonitoringDatapoint.m */; };
		C32C33C412C24F4200F2C136 /* MonitoringStatisticsResult.m in Sources */ = {isa = PBXBuildFile; fileRef = C32C33C312C24F4200F2C136 /* MonitoringStatisticsResult.m */; };
		C3DAED6E12C34DE200A0106D /* ChartView.m in Sources */ = {isa = PBXBuildFile; fileRef = C3DAED6D12C34DE200A0106D /* ChartView.m */; };
		C3F19E6E12C60E87001AB554 /* EC2Monitoring.m in Sources */ = {isa = PBXBuildFile; fileRef = C3F19E6D12C60E87001AB554 /* EC2Monitoring.m */; };
/* End PBXBuildFile section */

/* Begin PBXFileReference section */
		089C165DFE840E0CC02AAC07 /* English */ = {isa = PBXFileReference; fileEncoding = 4; lastKnownFileType = text.plist.strings; name = English; path = English.lproj/InfoPlist.strings; sourceTree = "<group>"; };
		1058C7A1FEA54F0111CA2CBB /* Cocoa.framework */ = {isa = PBXFileReference; lastKnownFileType = wrapper.framework; name = Cocoa.framework; path = /System/Library/Frameworks/Cocoa.framework; sourceTree = "<absolute>"; };
		13E42FB307B3F0F600E4EEF1 /* CoreData.framework */ = {isa = PBXFileReference; lastKnownFileType = wrapper.framework; name = CoreData.framework; path = /System/Library/Frameworks/CoreData.framework; sourceTree = "<absolute>"; };
		1DDD58150DA1D0A300B32029 /* English */ = {isa = PBXFileReference; lastKnownFileType = file.xib; name = English; path = English.lproj/MainMenu.xib; sourceTree = "<group>"; };
		256AC3D80F4B6AC300CF3369 /* CloudwatchAppDelegate.h */ = {isa = PBXFileReference; fileEncoding = 4; lastKnownFileType = sourcecode.c.h; path = CloudwatchAppDelegate.h; sourceTree = "<group>"; };
		256AC3D90F4B6AC300CF3369 /* CloudwatchAppDelegate.m */ = {isa = PBXFileReference; fileEncoding = 4; lastKnownFileType = sourcecode.c.objc; path = CloudwatchAppDelegate.m; sourceTree = "<group>"; };
		256AC3F00F4B6AF500CF3369 /* Cloudwatch_Prefix.pch */ = {isa = PBXFileReference; fileEncoding = 4; lastKnownFileType = sourcecode.c.h; path = Cloudwatch_Prefix.pch; sourceTree = "<group>"; };
		29B97316FDCFA39411CA2CEA /* main.m */ = {isa = PBXFileReference; fileEncoding = 4; lastKnownFileType = sourcecode.c.objc; path = main.m; sourceTree = "<group>"; };
		29B97324FDCFA39411CA2CEA /* AppKit.framework */ = {isa = PBXFileReference; lastKnownFileType = wrapper.framework; name = AppKit.framework; path = /System/Library/Frameworks/AppKit.framework; sourceTree = "<absolute>"; };
		29B97325FDCFA39411CA2CEA /* Foundation.framework */ = {isa = PBXFileReference; lastKnownFileType = wrapper.framework; name = Foundation.framework; path = /System/Library/Frameworks/Foundation.framework; sourceTree = "<absolute>"; };
		8D1107310486CEB800E47090 /* Info.plist */ = {isa = PBXFileReference; fileEncoding = 4; lastKnownFileType = text.plist.xml; name = Info.plist; path = ../Info.plist; sourceTree = "<group>"; };
		8D1107320486CEB800E47090 /* Cloudwatch.app */ = {isa = PBXFileReference; explicitFileType = wrapper.application; includeInIndex = 0; path = Cloudwatch.app; sourceTree = BUILT_PRODUCTS_DIR; };
		C32C28C912C0C09200F2C136 /* Cloudwatch.xcconfig */ = {isa = PBXFileReference; fileEncoding = 4; lastKnownFileType = text.xcconfig; path = Cloudwatch.xcconfig; sourceTree = "<group>"; };
		C32C28E712C0C2F500F2C136 /* TB_DEBUG.h */ = {isa = PBXFileReference; fileEncoding = 4; lastKnownFileType = sourcecode.c.h; path = TB_DEBUG.h; sourceTree = "<group>"; };
		C32C28E812C0C2F500F2C136 /* TB_MACROS.h */ = {isa = PBXFileReference; fileEncoding = 4; lastKnownFileType = sourcecode.c.h; path = TB_MACROS.h; sourceTree = "<group>"; };
		C32C290A12C0C60900F2C136 /* AWSConstants.h */ = {isa = PBXFileReference; fileEncoding = 4; lastKnownFileType = sourcecode.c.h; path = AWSConstants.h; sourceTree = "<group>"; };
		C32C290B12C0C60900F2C136 /* AWSConstants.m */ = {isa = PBXFileReference; fileEncoding = 4; lastKnownFileType = sourcecode.c.objc; path = AWSConstants.m; sourceTree = "<group>"; };
		C32C290C12C0C60900F2C136 /* AWSRequest.h */ = {isa = PBXFileReference; fileEncoding = 4; lastKnownFileType = sourcecode.c.h; path = AWSRequest.h; sourceTree = "<group>"; };
		C32C290D12C0C60900F2C136 /* AWSRequest.m */ = {isa = PBXFileReference; fileEncoding = 4; lastKnownFileType = sourcecode.c.objc; path = AWSRequest.m; sourceTree = "<group>"; };
		C32C290E12C0C60900F2C136 /* NSData+Base64.h */ = {isa = PBXFileReference; fileEncoding = 4; lastKnownFileType = sourcecode.c.h; path = "NSData+Base64.h"; sourceTree = "<group>"; };
		C32C290F12C0C60900F2C136 /* NSData+Base64.m */ = {isa = PBXFileReference; fileEncoding = 4; lastKnownFileType = sourcecode.c.objc; path = "NSData+Base64.m"; sourceTree = "<group>"; };
		C32C291012C0C60900F2C136 /* NSString+HMAC-SHA1.h */ = {isa = PBXFileReference; fileEncoding = 4; lastKnownFileType = sourcecode.c.h; path = "NSString+HMAC-SHA1.h"; sourceTree = "<group>"; };
		C32C291112C0C60900F2C136 /* NSString+HMAC-SHA1.m */ = {isa = PBXFileReference; fileEncoding = 4; lastKnownFileType = sourcecode.c.objc; path = "NSString+HMAC-SHA1.m"; sourceTree = "<group>"; };
		C32C291212C0C60900F2C136 /* NSString+URLEncoding.h */ = {isa = PBXFileReference; fileEncoding = 4; lastKnownFileType = sourcecode.c.h; path = "NSString+URLEncoding.h"; sourceTree = "<group>"; };
		C32C291312C0C60900F2C136 /* NSString+URLEncoding.m */ = {isa = PBXFileReference; fileEncoding = 4; lastKnownFileType = sourcecode.c.objc; path = "NSString+URLEncoding.m"; sourceTree = "<group>"; };
		C32C291912C0C60900F2C136 /* EC2DescribeInstancesRequest.h */ = {isa = PBXFileReference; fileEncoding = 4; lastKnownFileType = sourcecode.c.h; path = EC2DescribeInstancesRequest.h; sourceTree = "<group>"; };
		C32C291A12C0C60900F2C136 /* EC2DescribeInstancesRequest.m */ = {isa = PBXFileReference; fileEncoding = 4; lastKnownFileType = sourcecode.c.objc; path = EC2DescribeInstancesRequest.m; sourceTree = "<group>"; };
		C32C292612C0C60900F2C136 /* EC2DescribeInstancesResponse.h */ = {isa = PBXFileReference; fileEncoding = 4; lastKnownFileType = sourcecode.c.h; path = EC2DescribeInstancesResponse.h; sourceTree = "<group>"; };
		C32C292712C0C60900F2C136 /* EC2DescribeInstancesResponse.m */ = {isa = PBXFileReference; fileEncoding = 4; lastKnownFileType = sourcecode.c.objc; path = EC2DescribeInstancesResponse.m; sourceTree = "<group>"; };
		C32C292C12C0C60900F2C136 /* AWSResponse.h */ = {isa = PBXFileReference; fileEncoding = 4; lastKnownFileType = sourcecode.c.h; path = AWSResponse.h; sourceTree = "<group>"; };
		C32C292D12C0C60900F2C136 /* AWSResponse.m */ = {isa = PBXFileReference; fileEncoding = 4; lastKnownFileType = sourcecode.c.objc; path = AWSResponse.m; sourceTree = "<group>"; };
		C32C293B12C0C60900F2C136 /* EC2Instance.h */ = {isa = PBXFileReference; fileEncoding = 4; lastKnownFileType = sourcecode.c.h; path = EC2Instance.h; sourceTree = "<group>"; };
		C32C293C12C0C60900F2C136 /* EC2Instance.m */ = {isa = PBXFileReference; fileEncoding = 4; lastKnownFileType = sourcecode.c.objc; path = EC2Instance.m; sourceTree = "<group>"; };
		C32C294112C0C60900F2C136 /* EC2InstanceState.h */ = {isa = PBXFileReference; fileEncoding = 4; lastKnownFileType = sourcecode.c.h; path = EC2InstanceState.h; sourceTree = "<group>"; };
		C32C294212C0C60900F2C136 /* EC2InstanceState.m */ = {isa = PBXFileReference; fileEncoding = 4; lastKnownFileType = sourcecode.c.objc; path = EC2InstanceState.m; sourceTree = "<group>"; };
		C32C295512C0C60900F2C136 /* EC2Tag.h */ = {isa = PBXFileReference; fileEncoding = 4; lastKnownFileType = sourcecode.c.h; path = EC2Tag.h; sourceTree = "<group>"; };
		C32C295612C0C60900F2C136 /* EC2Tag.m */ = {isa = PBXFileReference; fileEncoding = 4; lastKnownFileType = sourcecode.c.objc; path = EC2Tag.m; sourceTree = "<group>"; };
		C32C298812C0C63900F2C136 /* NSDataAdditions.h */ = {isa = PBXFileReference; fileEncoding = 4; lastKnownFileType = sourcecode.c.h; path = NSDataAdditions.h; sourceTree = "<group>"; };
		C32C298912C0C63900F2C136 /* NSDataAdditions.m */ = {isa = PBXFileReference; fileEncoding = 4; lastKnownFileType = sourcecode.c.objc; path = NSDataAdditions.m; sourceTree = "<group>"; };
		C32C298A12C0C63900F2C136 /* TBXML.h */ = {isa = PBXFileReference; fileEncoding = 4; lastKnownFileType = sourcecode.c.h; path = TBXML.h; sourceTree = "<group>"; };
		C32C298B12C0C63900F2C136 /* TBXML.m */ = {isa = PBXFileReference; fileEncoding = 4; lastKnownFileType = sourcecode.c.objc; path = TBXML.m; sourceTree = "<group>"; };
		C32C299C12C0C7FF00F2C136 /* EC2Type.h */ = {isa = PBXFileReference; fileEncoding = 4; lastKnownFileType = sourcecode.c.h; path = EC2Type.h; sourceTree = "<group>"; };
		C32C299D12C0C7FF00F2C136 /* EC2Type.m */ = {isa = PBXFileReference; fileEncoding = 4; lastKnownFileType = sourcecode.c.objc; path = EC2Type.m; sourceTree = "<group>"; };
		C32C29BC12C0C93500F2C136 /* EC2Reservation.h */ = {isa = PBXFileReference; fileEncoding = 4; lastKnownFileType = sourcecode.c.h; path = EC2Reservation.h; sourceTree = "<group>"; };
		C32C29BD12C0C93500F2C136 /* EC2Reservation.m */ = {isa = PBXFileReference; fileEncoding = 4; lastKnownFileType = sourcecode.c.objc; path = EC2Reservation.m; sourceTree = "<group>"; };
		C32C29C912C0C9BB00F2C136 /* libz.dylib */ = {isa = PBXFileReference; lastKnownFileType = "compiled.mach-o.dylib"; name = libz.dylib; path = usr/lib/libz.dylib; sourceTree = SDKROOT; };
		C32C2A0012C0CF2000F2C136 /* DataSource.h */ = {isa = PBXFileReference; fileEncoding = 4; lastKnownFileType = sourcecode.c.h; path = DataSource.h; sourceTree = "<group>"; };
		C32C2A0112C0CF2000F2C136 /* DataSource.m */ = {isa = PBXFileReference; fileEncoding = 4; lastKnownFileType = sourcecode.c.objc; path = DataSource.m; sourceTree = "<group>"; };
		C32C2B4E12C0E2B600F2C136 /* InstanceStateOther.png */ = {isa = PBXFileReference; lastKnownFileType = image.png; path = InstanceStateOther.png; sourceTree = "<group>"; };
		C32C2B4F12C0E2B600F2C136 /* InstanceStateRunning.png */ = {isa = PBXFileReference; lastKnownFileType = image.png; path = InstanceStateRunning.png; sourceTree = "<group>"; };
		C32C2B5012C0E2B600F2C136 /* InstanceStateStopped.png */ = {isa = PBXFileReference; lastKnownFileType = image.png; path = InstanceStateStopped.png; sourceTree = "<group>"; };
		C32C2B5112C0E2B600F2C136 /* InstanceStateTerminated.png */ = {isa = PBXFileReference; lastKnownFileType = image.png; path = InstanceStateTerminated.png; sourceTree = "<group>"; };
		C32C2B5212C0E2B600F2C136 /* StatusItem.png */ = {isa = PBXFileReference; lastKnownFileType = image.png; path = StatusItem.png; sourceTree = "<group>"; };
		C32C30F912C20F2F00F2C136 /* QuartzCore.framework */ = {isa = PBXFileReference; lastKnownFileType = wrapper.framework; name = QuartzCore.framework; path = System/Library/Frameworks/QuartzCore.framework; sourceTree = SDKROOT; };
		C32C319212C21F1900F2C136 /* EC2Request.h */ = {isa = PBXFileReference; fileEncoding = 4; lastKnownFileType = sourcecode.c.h; path = EC2Request.h; sourceTree = "<group>"; };
		C32C319312C21F1900F2C136 /* EC2Request.m */ = {isa = PBXFileReference; fileEncoding = 4; lastKnownFileType = sourcecode.c.objc; path = EC2Request.m; sourceTree = "<group>"; };
		C32C319512C21F7E00F2C136 /* MonitoringRequest.h */ = {isa = PBXFileReference; fileEncoding = 4; lastKnownFileType = sourcecode.c.h; path = MonitoringRequest.h; sourceTree = "<group>"; };
		C32C319612C21F7E00F2C136 /* MonitoringRequest.m */ = {isa = PBXFileReference; fileEncoding = 4; lastKnownFileType = sourcecode.c.objc; path = MonitoringRequest.m; sourceTree = "<group>"; };
		C32C31D412C22D1C00F2C136 /* MonitoringGetMetricStatisticsRequest.h */ = {isa = PBXFileReference; fileEncoding = 4; lastKnownFileType = sourcecode.c.h; path = MonitoringGetMetricStatisticsRequest.h; sourceTree = "<group>"; };
		C32C31D512C22D1C00F2C136 /* MonitoringGetMetricStatisticsRequest.m */ = {isa = PBXFileReference; fileEncoding = 4; lastKnownFileType = sourcecode.c.objc; path = MonitoringGetMetricStatisticsRequest.m; sourceTree = "<group>"; };
		C32C31DF12C22DBA00F2C136 /* EC2Response.h */ = {isa = PBXFileReference; fileEncoding = 4; lastKnownFileType = sourcecode.c.h; path = EC2Response.h; sourceTree = "<group>"; };
		C32C31E012C22DBA00F2C136 /* EC2Response.m */ = {isa = PBXFileReference; fileEncoding = 4; lastKnownFileType = sourcecode.c.objc; path = EC2Response.m; sourceTree = "<group>"; };
		C32C321512C2312E00F2C136 /* MonitoringResponse.h */ = {isa = PBXFileReference; fileEncoding = 4; lastKnownFileType = sourcecode.c.h; path = MonitoringResponse.h; sourceTree = "<group>"; };
		C32C321612C2312E00F2C136 /* MonitoringResponse.m */ = {isa = PBXFileReference; fileEncoding = 4; lastKnownFileType = sourcecode.c.objc; path = MonitoringResponse.m; sourceTree = "<group>"; };
		C32C321812C2319D00F2C136 /* MonitoringGetMetricStatisticsResponse.h */ = {isa = PBXFileReference; fileEncoding = 4; lastKnownFileType = sourcecode.c.h; path = MonitoringGetMetricStatisticsResponse.h; sourceTree = "<group>"; };
		C32C321912C2319D00F2C136 /* MonitoringGetMetricStatisticsResponse.m */ = {isa = PBXFileReference; fileEncoding = 4; lastKnownFileType = sourcecode.c.objc; path = MonitoringGetMetricStatisticsResponse.m; sourceTree = "<group>"; };
		C32C327E12C239FE00F2C136 /* NSDate+StringConversions.h */ = {isa = PBXFileReference; fileEncoding = 4; lastKnownFileType = sourcecode.c.h; path = "NSDate+StringConversions.h"; sourceTree = "<group>"; };
		C32C327F12C239FE00F2C136 /* NSDate+StringConversions.m */ = {isa = PBXFileReference; fileEncoding = 4; lastKnownFileType = sourcecode.c.objc; path = "NSDate+StringConversions.m"; sourceTree = "<group>"; };
		C32C32AF12C23CDA00F2C136 /* NSString+DateConversions.h */ = {isa = PBXFileReference; fileEncoding = 4; lastKnownFileType = sourcecode.c.h; path = "NSString+DateConversions.h"; sourceTree = "<group>"; };
		C32C32B012C23CDA00F2C136 /* NSString+DateConversions.m */ = {isa = PBXFileReference; fileEncoding = 4; lastKnownFileType = sourcecode.c.objc; path = "NSString+DateConversions.m"; sourceTree = "<group>"; };
		C32C32F712C23FE000F2C136 /* MonitoringDatapoint.h */ = {isa = PBXFileReference; fileEncoding = 4; lastKnownFileType = sourcecode.c.h; path = MonitoringDatapoint.h; sourceTree = "<group>"; };
		C32C32F812C23FE000F2C136 /* MonitoringDatapoint.m */ = {isa = PBXFileReference; fileEncoding = 4; lastKnownFileType = sourcecode.c.objc; path = MonitoringDatapoint.m; sourceTree = "<group>"; };
		C32C33C212C24F4200F2C136 /* MonitoringStatisticsResult.h */ = {isa = PBXFileReference; fileEncoding = 4; lastKnownFileType = sourcecode.c.h; path = MonitoringStatisticsResult.h; sourceTree = "<group>"; };
		C32C33C312C24F4200F2C136 /* MonitoringStatisticsResult.m */ = {isa = PBXFileReference; fileEncoding = 4; lastKnownFileType = sourcecode.c.objc; path = MonitoringStatisticsResult.m; sourceTree = "<group>"; };
		C3DAED6C12C34DE200A0106D /* ChartView.h */ = {isa = PBXFileReference; fileEncoding = 4; lastKnownFileType = sourcecode.c.h; path = ChartView.h; sourceTree = "<group>"; };
		C3DAED6D12C34DE200A0106D /* ChartView.m */ = {isa = PBXFileReference; fileEncoding = 4; lastKnownFileType = sourcecode.c.objc; path = ChartView.m; sourceTree = "<group>"; };
		C3F19E6C12C60E87001AB554 /* EC2Monitoring.h */ = {isa = PBXFileReference; fileEncoding = 4; lastKnownFileType = sourcecode.c.h; path = EC2Monitoring.h; sourceTree = "<group>"; };
		C3F19E6D12C60E87001AB554 /* EC2Monitoring.m */ = {isa = PBXFileReference; fileEncoding = 4; lastKnownFileType = sourcecode.c.objc; path = EC2Monitoring.m; sourceTree = "<group>"; };
/* End PBXFileReference section */

/* Begin PBXFrameworksBuildPhase section */
		8D11072E0486CEB800E47090 /* Frameworks */ = {
			isa = PBXFrameworksBuildPhase;
			buildActionMask = 2147483647;
			files = (
				8D11072F0486CEB800E47090 /* Cocoa.framework in Frameworks */,
				C32C29CA12C0C9BB00F2C136 /* libz.dylib in Frameworks */,
				C32C30FA12C20F2F00F2C136 /* QuartzCore.framework in Frameworks */,
			);
			runOnlyForDeploymentPostprocessing = 0;
		};
/* End PBXFrameworksBuildPhase section */

/* Begin PBXGroup section */
		080E96DDFE201D6D7F000001 /* Classes */ = {
			isa = PBXGroup;
			children = (
				256AC3D80F4B6AC300CF3369 /* CloudwatchAppDelegate.h */,
				256AC3D90F4B6AC300CF3369 /* CloudwatchAppDelegate.m */,
				C32C2A0012C0CF2000F2C136 /* DataSource.h */,
				C32C2A0112C0CF2000F2C136 /* DataSource.m */,
				C3DAED6C12C34DE200A0106D /* ChartView.h */,
				C3DAED6D12C34DE200A0106D /* ChartView.m */,
			);
			path = Classes;
			sourceTree = "<group>";
		};
		1058C7A0FEA54F0111CA2CBB /* Linked Frameworks */ = {
			isa = PBXGroup;
			children = (
				1058C7A1FEA54F0111CA2CBB /* Cocoa.framework */,
			);
			name = "Linked Frameworks";
			sourceTree = "<group>";
		};
		1058C7A2FEA54F0111CA2CBB /* Other Frameworks */ = {
			isa = PBXGroup;
			children = (
				29B97324FDCFA39411CA2CEA /* AppKit.framework */,
				13E42FB307B3F0F600E4EEF1 /* CoreData.framework */,
				29B97325FDCFA39411CA2CEA /* Foundation.framework */,
				C32C30F912C20F2F00F2C136 /* QuartzCore.framework */,
				C32C29C912C0C9BB00F2C136 /* libz.dylib */,
			);
			name = "Other Frameworks";
			sourceTree = "<group>";
		};
		19C28FACFE9D520D11CA2CBB /* Products */ = {
			isa = PBXGroup;
			children = (
				8D1107320486CEB800E47090 /* Cloudwatch.app */,
			);
			name = Products;
			sourceTree = "<group>";
		};
		29B97314FDCFA39411CA2CEA /* Cloudwatch */ = {
			isa = PBXGroup;
			children = (
				C32C290912C0C60900F2C136 /* API */,
				080E96DDFE201D6D7F000001 /* Classes */,
				C32C298712C0C63900F2C136 /* TBXML */,
				29B97315FDCFA39411CA2CEA /* Other Sources */,
				29B97317FDCFA39411CA2CEA /* Resources */,
				29B97323FDCFA39411CA2CEA /* Frameworks */,
				19C28FACFE9D520D11CA2CBB /* Products */,
				C32C28E712C0C2F500F2C136 /* TB_DEBUG.h */,
				C32C28E812C0C2F500F2C136 /* TB_MACROS.h */,
				C32C28C912C0C09200F2C136 /* Cloudwatch.xcconfig */,
			);
			name = Cloudwatch;
			sourceTree = "<group>";
		};
		29B97315FDCFA39411CA2CEA /* Other Sources */ = {
			isa = PBXGroup;
			children = (
				256AC3F00F4B6AF500CF3369 /* Cloudwatch_Prefix.pch */,
				29B97316FDCFA39411CA2CEA /* main.m */,
			);
			name = "Other Sources";
			sourceTree = "<group>";
		};
		29B97317FDCFA39411CA2CEA /* Resources */ = {
			isa = PBXGroup;
			children = (
				C32C29EA12C0CB7200F2C136 /* Images */,
				8D1107310486CEB800E47090 /* Info.plist */,
				089C165CFE840E0CC02AAC07 /* InfoPlist.strings */,
				1DDD58140DA1D0A300B32029 /* MainMenu.xib */,
			);
			path = Resources;
			sourceTree = "<group>";
		};
		29B97323FDCFA39411CA2CEA /* Frameworks */ = {
			isa = PBXGroup;
			children = (
				1058C7A0FEA54F0111CA2CBB /* Linked Frameworks */,
				1058C7A2FEA54F0111CA2CBB /* Other Frameworks */,
			);
			name = Frameworks;
			sourceTree = "<group>";
		};
		C32C290912C0C60900F2C136 /* API */ = {
			isa = PBXGroup;
			children = (
				C32C292E12C0C60900F2C136 /* Types */,
				C32C291412C0C60900F2C136 /* Requests */,
				C32C292112C0C60900F2C136 /* Responses */,
				C32C290A12C0C60900F2C136 /* AWSConstants.h */,
				C32C290B12C0C60900F2C136 /* AWSConstants.m */,
				C32C290E12C0C60900F2C136 /* NSData+Base64.h */,
				C32C290F12C0C60900F2C136 /* NSData+Base64.m */,
				C32C291012C0C60900F2C136 /* NSString+HMAC-SHA1.h */,
				C32C291112C0C60900F2C136 /* NSString+HMAC-SHA1.m */,
				C32C291212C0C60900F2C136 /* NSString+URLEncoding.h */,
				C32C291312C0C60900F2C136 /* NSString+URLEncoding.m */,
				C32C327E12C239FE00F2C136 /* NSDate+StringConversions.h */,
				C32C327F12C239FE00F2C136 /* NSDate+StringConversions.m */,
				C32C32AF12C23CDA00F2C136 /* NSString+DateConversions.h */,
				C32C32B012C23CDA00F2C136 /* NSString+DateConversions.m */,
			);
			path = API;
			sourceTree = "<group>";
		};
		C32C291412C0C60900F2C136 /* Requests */ = {
			isa = PBXGroup;
			children = (
				C32C290C12C0C60900F2C136 /* AWSRequest.h */,
				C32C290D12C0C60900F2C136 /* AWSRequest.m */,
				C32C319212C21F1900F2C136 /* EC2Request.h */,
				C32C319312C21F1900F2C136 /* EC2Request.m */,
				C32C291912C0C60900F2C136 /* EC2DescribeInstancesRequest.h */,
				C32C291A12C0C60900F2C136 /* EC2DescribeInstancesRequest.m */,
				C32C319512C21F7E00F2C136 /* MonitoringRequest.h */,
				C32C319612C21F7E00F2C136 /* MonitoringRequest.m */,
				C32C31D412C22D1C00F2C136 /* MonitoringGetMetricStatisticsRequest.h */,
				C32C31D512C22D1C00F2C136 /* MonitoringGetMetricStatisticsRequest.m */,
			);
			path = Requests;
			sourceTree = "<group>";
		};
		C32C292112C0C60900F2C136 /* Responses */ = {
			isa = PBXGroup;
			children = (
				C32C292C12C0C60900F2C136 /* AWSResponse.h */,
				C32C292D12C0C60900F2C136 /* AWSResponse.m */,
				C32C31DF12C22DBA00F2C136 /* EC2Response.h */,
				C32C31E012C22DBA00F2C136 /* EC2Response.m */,
				C32C292612C0C60900F2C136 /* EC2DescribeInstancesResponse.h */,
				C32C292712C0C60900F2C136 /* EC2DescribeInstancesResponse.m */,
				C32C321512C2312E00F2C136 /* MonitoringResponse.h */,
				C32C321612C2312E00F2C136 /* MonitoringResponse.m */,
				C32C321812C2319D00F2C136 /* MonitoringGetMetricStatisticsResponse.h */,
				C32C321912C2319D00F2C136 /* MonitoringGetMetricStatisticsResponse.m */,
			);
			path = Responses;
			sourceTree = "<group>";
		};
		C32C292E12C0C60900F2C136 /* Types */ = {
			isa = PBXGroup;
			children = (
				C32C299C12C0C7FF00F2C136 /* EC2Type.h */,
				C32C299D12C0C7FF00F2C136 /* EC2Type.m */,
				C32C293B12C0C60900F2C136 /* EC2Instance.h */,
				C32C293C12C0C60900F2C136 /* EC2Instance.m */,
				C32C294112C0C60900F2C136 /* EC2InstanceState.h */,
				C32C294212C0C60900F2C136 /* EC2InstanceState.m */,
				C3F19E6C12C60E87001AB554 /* EC2Monitoring.h */,
				C3F19E6D12C60E87001AB554 /* EC2Monitoring.m */,
				C32C29BC12C0C93500F2C136 /* EC2Reservation.h */,
				C32C29BD12C0C93500F2C136 /* EC2Reservation.m */,
				C32C295512C0C60900F2C136 /* EC2Tag.h */,
				C32C295612C0C60900F2C136 /* EC2Tag.m */,
				C32C32F712C23FE000F2C136 /* MonitoringDatapoint.h */,
				C32C32F812C23FE000F2C136 /* MonitoringDatapoint.m */,
				C32C33C212C24F4200F2C136 /* MonitoringStatisticsResult.h */,
				C32C33C312C24F4200F2C136 /* MonitoringStatisticsResult.m */,
			);
			path = Types;
			sourceTree = "<group>";
		};
		C32C298712C0C63900F2C136 /* TBXML */ = {
			isa = PBXGroup;
			children = (
				C32C298812C0C63900F2C136 /* NSDataAdditions.h */,
				C32C298912C0C63900F2C136 /* NSDataAdditions.m */,
				C32C298A12C0C63900F2C136 /* TBXML.h */,
				C32C298B12C0C63900F2C136 /* TBXML.m */,
			);
			path = TBXML;
			sourceTree = "<group>";
		};
		C32C29EA12C0CB7200F2C136 /* Images */ = {
			isa = PBXGroup;
			children = (
				C32C2B5212C0E2B600F2C136 /* StatusItem.png */,
				C32C2B4E12C0E2B600F2C136 /* InstanceStateOther.png */,
				C32C2B4F12C0E2B600F2C136 /* InstanceStateRunning.png */,
				C32C2B5012C0E2B600F2C136 /* InstanceStateStopped.png */,
				C32C2B5112C0E2B600F2C136 /* InstanceStateTerminated.png */,
			);
			path = Images;
			sourceTree = "<group>";
		};
/* End PBXGroup section */

/* Begin PBXNativeTarget section */
		8D1107260486CEB800E47090 /* Cloudwatch */ = {
			isa = PBXNativeTarget;
			buildConfigurationList = C01FCF4A08A954540054247B /* Build configuration list for PBXNativeTarget "Cloudwatch" */;
			buildPhases = (
				8D1107290486CEB800E47090 /* Resources */,
				8D11072C0486CEB800E47090 /* Sources */,
				8D11072E0486CEB800E47090 /* Frameworks */,
			);
			buildRules = (
			);
			dependencies = (
			);
			name = Cloudwatch;
			productInstallPath = "$(HOME)/Applications";
			productName = Cloudwatch;
			productReference = 8D1107320486CEB800E47090 /* Cloudwatch.app */;
			productType = "com.apple.product-type.application";
		};
/* End PBXNativeTarget section */

/* Begin PBXProject section */
		29B97313FDCFA39411CA2CEA /* Project object */ = {
			isa = PBXProject;
			attributes = {
				ORGANIZATIONNAME = "Tundra Bot";
			};
			buildConfigurationList = C01FCF4E08A954540054247B /* Build configuration list for PBXProject "Cloudwatch" */;
			compatibilityVersion = "Xcode 3.1";
			developmentRegion = English;
			hasScannedForEncodings = 1;
			knownRegions = (
				English,
				Japanese,
				French,
				German,
			);
			mainGroup = 29B97314FDCFA39411CA2CEA /* Cloudwatch */;
			projectDirPath = "";
			projectRoot = "";
			targets = (
				8D1107260486CEB800E47090 /* Cloudwatch */,
			);
		};
/* End PBXProject section */

/* Begin PBXResourcesBuildPhase section */
		8D1107290486CEB800E47090 /* Resources */ = {
			isa = PBXResourcesBuildPhase;
			buildActionMask = 2147483647;
			files = (
				8D11072B0486CEB800E47090 /* InfoPlist.strings in Resources */,
				1DDD58160DA1D0A300B32029 /* MainMenu.xib in Resources */,
				C32C2B5312C0E2B600F2C136 /* InstanceStateOther.png in Resources */,
				C32C2B5412C0E2B600F2C136 /* InstanceStateRunning.png in Resources */,
				C32C2B5512C0E2B600F2C136 /* InstanceStateStopped.png in Resources */,
				C32C2B5612C0E2B600F2C136 /* InstanceStateTerminated.png in Resources */,
				C32C2B5712C0E2B600F2C136 /* StatusItem.png in Resources */,
			);
			runOnlyForDeploymentPostprocessing = 0;
		};
/* End PBXResourcesBuildPhase section */

/* Begin PBXSourcesBuildPhase section */
		8D11072C0486CEB800E47090 /* Sources */ = {
			isa = PBXSourcesBuildPhase;
			buildActionMask = 2147483647;
			files = (
				8D11072D0486CEB800E47090 /* main.m in Sources */,
				256AC3DA0F4B6AC300CF3369 /* CloudwatchAppDelegate.m in Sources */,
				C32C295D12C0C60900F2C136 /* AWSConstants.m in Sources */,
				C32C295E12C0C60900F2C136 /* AWSRequest.m in Sources */,
				C32C295F12C0C60900F2C136 /* NSData+Base64.m in Sources */,
				C32C296012C0C60900F2C136 /* NSString+HMAC-SHA1.m in Sources */,
				C32C296112C0C60900F2C136 /* NSString+URLEncoding.m in Sources */,
				C32C296412C0C60900F2C136 /* EC2DescribeInstancesRequest.m in Sources */,
				C32C296A12C0C60900F2C136 /* EC2DescribeInstancesResponse.m in Sources */,
				C32C296D12C0C60900F2C136 /* AWSResponse.m in Sources */,
				C32C297412C0C60900F2C136 /* EC2Instance.m in Sources */,
				C32C297712C0C60900F2C136 /* EC2InstanceState.m in Sources */,
				C32C298112C0C60900F2C136 /* EC2Tag.m in Sources */,
				C32C298C12C0C63900F2C136 /* NSDataAdditions.m in Sources */,
				C32C298D12C0C63900F2C136 /* TBXML.m in Sources */,
				C32C299E12C0C7FF00F2C136 /* EC2Type.m in Sources */,
				C32C29BE12C0C93500F2C136 /* EC2Reservation.m in Sources */,
				C32C2A0212C0CF2000F2C136 /* DataSource.m in Sources */,
				C32C319412C21F1900F2C136 /* EC2Request.m in Sources */,
				C32C319712C21F7E00F2C136 /* MonitoringRequest.m in Sources */,
				C32C31D612C22D1C00F2C136 /* MonitoringGetMetricStatisticsRequest.m in Sources */,
				C32C31E112C22DBA00F2C136 /* EC2Response.m in Sources */,
				C32C321712C2312E00F2C136 /* MonitoringResponse.m in Sources */,
				C32C321A12C2319D00F2C136 /* MonitoringGetMetricStatisticsResponse.m in Sources */,
				C32C328012C239FE00F2C136 /* NSDate+StringConversions.m in Sources */,
				C32C32B112C23CDA00F2C136 /* NSString+DateConversions.m in Sources */,
				C32C32F912C23FE000F2C136 /* MonitoringDatapoint.m in Sources */,
				C32C33C412C24F4200F2C136 /* MonitoringStatisticsResult.m in Sources */,
				C3DAED6E12C34DE200A0106D /* ChartView.m in Sources */,
				C3F19E6E12C60E87001AB554 /* EC2Monitoring.m in Sources */,
			);
			runOnlyForDeploymentPostprocessing = 0;
		};
/* End PBXSourcesBuildPhase section */

/* Begin PBXVariantGroup section */
		089C165CFE840E0CC02AAC07 /* InfoPlist.strings */ = {
			isa = PBXVariantGroup;
			children = (
				089C165DFE840E0CC02AAC07 /* English */,
			);
			name = InfoPlist.strings;
			sourceTree = "<group>";
		};
		1DDD58140DA1D0A300B32029 /* MainMenu.xib */ = {
			isa = PBXVariantGroup;
			children = (
				1DDD58150DA1D0A300B32029 /* English */,
			);
			name = MainMenu.xib;
			sourceTree = "<group>";
		};
/* End PBXVariantGroup section */

/* Begin XCBuildConfiguration section */
		C01FCF4B08A954540054247B /* Debug */ = {
			isa = XCBuildConfiguration;
			buildSettings = {
				ALWAYS_SEARCH_USER_PATHS = NO;
				COPY_PHASE_STRIP = NO;
				GCC_DYNAMIC_NO_PIC = NO;
				GCC_ENABLE_FIX_AND_CONTINUE = YES;
				GCC_MODEL_TUNING = G5;
				GCC_OPTIMIZATION_LEVEL = 0;
				GCC_PRECOMPILE_PREFIX_HEADER = YES;
				GCC_PREFIX_HEADER = Cloudwatch_Prefix.pch;
				INFOPLIST_FILE = Info.plist;
				INSTALL_PATH = "$(HOME)/Applications";
				PRODUCT_NAME = Cloudwatch;
			};
			name = Debug;
		};
		C01FCF4C08A954540054247B /* Release */ = {
			isa = XCBuildConfiguration;
			buildSettings = {
				ALWAYS_SEARCH_USER_PATHS = NO;
				DEBUG_INFORMATION_FORMAT = "dwarf-with-dsym";
				GCC_MODEL_TUNING = G5;
				GCC_PRECOMPILE_PREFIX_HEADER = YES;
				GCC_PREFIX_HEADER = Cloudwatch_Prefix.pch;
				INFOPLIST_FILE = Info.plist;
				INSTALL_PATH = "$(HOME)/Applications";
				PRODUCT_NAME = Cloudwatch;
			};
			name = Release;
		};
		C01FCF4F08A954540054247B /* Debug */ = {
			isa = XCBuildConfiguration;
			baseConfigurationReference = C32C28C912C0C09200F2C136 /* Cloudwatch.xcconfig */;
			buildSettings = {
				ARCHS = "$(ARCHS_STANDARD_32_64_BIT)";
				GCC_C_LANGUAGE_STANDARD = c99;
				GCC_OPTIMIZATION_LEVEL = 0;
				GCC_PREPROCESSOR_DEFINITIONS = TB_DEBUG;
				GCC_VERSION = "";
				GCC_WARN_ABOUT_RETURN_TYPE = YES;
				GCC_WARN_UNUSED_VARIABLE = YES;
				ONLY_ACTIVE_ARCH = YES;
				PREBINDING = NO;
				SDKROOT = macosx;
			};
			name = Debug;
		};
		C01FCF5008A954540054247B /* Release */ = {
			isa = XCBuildConfiguration;
			baseConfigurationReference = C32C28C912C0C09200F2C136 /* Cloudwatch.xcconfig */;
			buildSettings = {
				ARCHS = "$(ARCHS_STANDARD_32_64_BIT)";
				GCC_C_LANGUAGE_STANDARD = c99;
				GCC_VERSION = com.apple.compilers.llvm.clang.1_0;
				GCC_WARN_ABOUT_RETURN_TYPE = YES;
				GCC_WARN_UNUSED_VARIABLE = YES;
				PREBINDING = NO;
				SDKROOT = macosx;
			};
			name = Release;
		};
/* End XCBuildConfiguration section */

/* Begin XCConfigurationList section */
		C01FCF4A08A954540054247B /* Build configuration list for PBXNativeTarget "Cloudwatch" */ = {
			isa = XCConfigurationList;
			buildConfigurations = (
				C01FCF4B08A954540054247B /* Debug */,
				C01FCF4C08A954540054247B /* Release */,
			);
			defaultConfigurationIsVisible = 0;
			defaultConfigurationName = Release;
		};
		C01FCF4E08A954540054247B /* Build configuration list for PBXProject "Cloudwatch" */ = {
			isa = XCConfigurationList;
			buildConfigurations = (
				C01FCF4F08A954540054247B /* Debug */,
				C01FCF5008A954540054247B /* Release */,
			);
			defaultConfigurationIsVisible = 0;
			defaultConfigurationName = Release;
		};
/* End XCConfigurationList section */
	};
	rootObject = 29B97313FDCFA39411CA2CEA /* Project object */;
}
