// !$*UTF8*$!
{
	archiveVersion = 1;
	classes = {
	};
	objectVersion = 46;
	objects = {

/* Begin PBXBuildFile section */
		1DDD58160DA1D0A300B32029 /* MainMenu.xib in Resources */ = {isa = PBXBuildFile; fileRef = 1DDD58140DA1D0A300B32029 /* MainMenu.xib */; };
		256AC3DA0F4B6AC300CF3369 /* AppDelegate.m in Sources */ = {isa = PBXBuildFile; fileRef = 256AC3D90F4B6AC300CF3369 /* AppDelegate.m */; };
		8D11072B0486CEB800E47090 /* InfoPlist.strings in Resources */ = {isa = PBXBuildFile; fileRef = 089C165CFE840E0CC02AAC07 /* InfoPlist.strings */; };
		8D11072D0486CEB800E47090 /* main.m in Sources */ = {isa = PBXBuildFile; fileRef = 29B97316FDCFA39411CA2CEA /* main.m */; settings = {ATTRIBUTES = (); }; };
		8D11072F0486CEB800E47090 /* Cocoa.framework in Frameworks */ = {isa = PBXBuildFile; fileRef = 1058C7A1FEA54F0111CA2CBB /* Cocoa.framework */; };
		C30F2CC412D60EEF00B5AB60 /* AWSConstants.m in Sources */ = {isa = PBXBuildFile; fileRef = C30F2CC312D60EEF00B5AB60 /* AWSConstants.m */; };
		C379FB0012D881B600D055EF /* KeychainController.m in Sources */ = {isa = PBXBuildFile; fileRef = C379FAFF12D881B600D055EF /* KeychainController.m */; };
		C3CE00A112D739C4006E87EF /* Security.framework in Frameworks */ = {isa = PBXBuildFile; fileRef = C3CE00A012D739C4006E87EF /* Security.framework */; };
		C3CEFE7212D72E41006E87EF /* Keychain.m in Sources */ = {isa = PBXBuildFile; fileRef = C3CEFE7112D72E41006E87EF /* Keychain.m */; };
		C3F1A54112C78EA5001AB554 /* Icon.icns in Resources */ = {isa = PBXBuildFile; fileRef = C3F1A54012C78EA5001AB554 /* Icon.icns */; };
		C3F1A5FF12C79B72001AB554 /* eu.png in Resources */ = {isa = PBXBuildFile; fileRef = C3F1A5FC12C79B72001AB554 /* eu.png */; };
		C3F1A60012C79B72001AB554 /* sg.png in Resources */ = {isa = PBXBuildFile; fileRef = C3F1A5FD12C79B72001AB554 /* sg.png */; };
		C3F1A60112C79B72001AB554 /* us.png in Resources */ = {isa = PBXBuildFile; fileRef = C3F1A5FE12C79B72001AB554 /* us.png */; };
		C3F1A65512C7A77D001AB554 /* Preferences.m in Sources */ = {isa = PBXBuildFile; fileRef = C3F1A65412C7A77D001AB554 /* Preferences.m */; };
		C3F1A78D12C8B514001AB554 /* RefreshIntervalLabelValueTransformer.m in Sources */ = {isa = PBXBuildFile; fileRef = C3F1A78C12C8B514001AB554 /* RefreshIntervalLabelValueTransformer.m */; };
		C3F1A7DD12C8BCB7001AB554 /* RefreshIntervalValueTransformer.m in Sources */ = {isa = PBXBuildFile; fileRef = C3F1A7DC12C8BCB7001AB554 /* RefreshIntervalValueTransformer.m */; };
/* End PBXBuildFile section */

/* Begin PBXFileReference section */
		089C165DFE840E0CC02AAC07 /* English */ = {isa = PBXFileReference; fileEncoding = 4; lastKnownFileType = text.plist.strings; name = English; path = English.lproj/InfoPlist.strings; sourceTree = "<group>"; };
		1058C7A1FEA54F0111CA2CBB /* Cocoa.framework */ = {isa = PBXFileReference; lastKnownFileType = wrapper.framework; name = Cocoa.framework; path = /System/Library/Frameworks/Cocoa.framework; sourceTree = "<absolute>"; };
		1DDD58150DA1D0A300B32029 /* English */ = {isa = PBXFileReference; lastKnownFileType = file.xib; name = English; path = English.lproj/MainMenu.xib; sourceTree = "<group>"; };
		256AC3D80F4B6AC300CF3369 /* AppDelegate.h */ = {isa = PBXFileReference; fileEncoding = 4; lastKnownFileType = sourcecode.c.h; path = AppDelegate.h; sourceTree = "<group>"; };
		256AC3D90F4B6AC300CF3369 /* AppDelegate.m */ = {isa = PBXFileReference; fileEncoding = 4; lastKnownFileType = sourcecode.c.objc; path = AppDelegate.m; sourceTree = "<group>"; };
		256AC3F00F4B6AF500CF3369 /* ElasticPreferences_Prefix.pch */ = {isa = PBXFileReference; fileEncoding = 4; lastKnownFileType = sourcecode.c.h; path = ElasticPreferences_Prefix.pch; sourceTree = "<group>"; };
		29B97316FDCFA39411CA2CEA /* main.m */ = {isa = PBXFileReference; fileEncoding = 4; lastKnownFileType = sourcecode.c.objc; path = main.m; sourceTree = "<group>"; };
		29B97324FDCFA39411CA2CEA /* AppKit.framework */ = {isa = PBXFileReference; lastKnownFileType = wrapper.framework; name = AppKit.framework; path = /System/Library/Frameworks/AppKit.framework; sourceTree = "<absolute>"; };
		29B97325FDCFA39411CA2CEA /* Foundation.framework */ = {isa = PBXFileReference; lastKnownFileType = wrapper.framework; name = Foundation.framework; path = /System/Library/Frameworks/Foundation.framework; sourceTree = "<absolute>"; };
		8D1107310486CEB800E47090 /* Info.plist */ = {isa = PBXFileReference; fileEncoding = 4; lastKnownFileType = text.plist.xml; name = Info.plist; path = ../Info.plist; sourceTree = "<group>"; };
		8D1107320486CEB800E47090 /* ElasticPreferences.app */ = {isa = PBXFileReference; explicitFileType = wrapper.application; includeInIndex = 0; path = ElasticPreferences.app; sourceTree = BUILT_PRODUCTS_DIR; };
		C30F2CC212D60EEF00B5AB60 /* AWSConstants.h */ = {isa = PBXFileReference; fileEncoding = 4; lastKnownFileType = sourcecode.c.h; name = AWSConstants.h; path = ../API/AWSConstants.h; sourceTree = SOURCE_ROOT; };
		C30F2CC312D60EEF00B5AB60 /* AWSConstants.m */ = {isa = PBXFileReference; fileEncoding = 4; lastKnownFileType = sourcecode.c.objc; name = AWSConstants.m; path = ../API/AWSConstants.m; sourceTree = SOURCE_ROOT; };
		C379FAFE12D881B600D055EF /* KeychainController.h */ = {isa = PBXFileReference; fileEncoding = 4; lastKnownFileType = sourcecode.c.h; path = KeychainController.h; sourceTree = "<group>"; };
		C379FAFF12D881B600D055EF /* KeychainController.m */ = {isa = PBXFileReference; fileEncoding = 4; lastKnownFileType = sourcecode.c.objc; path = KeychainController.m; sourceTree = "<group>"; };
		C3CE00A012D739C4006E87EF /* Security.framework */ = {isa = PBXFileReference; lastKnownFileType = wrapper.framework; name = Security.framework; path = System/Library/Frameworks/Security.framework; sourceTree = SDKROOT; };
		C3CEFE7012D72E41006E87EF /* Keychain.h */ = {isa = PBXFileReference; fileEncoding = 4; lastKnownFileType = sourcecode.c.h; path = Keychain.h; sourceTree = "<group>"; };
		C3CEFE7112D72E41006E87EF /* Keychain.m */ = {isa = PBXFileReference; fileEncoding = 4; lastKnownFileType = sourcecode.c.objc; path = Keychain.m; sourceTree = "<group>"; };
		C3D71EA312CA572D00C4FFFE /* TBDebug.h */ = {isa = PBXFileReference; fileEncoding = 4; lastKnownFileType = sourcecode.c.h; path = TBDebug.h; sourceTree = "<group>"; };
		C3D71EA412CA572D00C4FFFE /* TBMacros.h */ = {isa = PBXFileReference; fileEncoding = 4; lastKnownFileType = sourcecode.c.h; path = TBMacros.h; sourceTree = "<group>"; };
		C3F1A54012C78EA5001AB554 /* Icon.icns */ = {isa = PBXFileReference; lastKnownFileType = image.icns; name = Icon.icns; path = ../Icon.icns; sourceTree = "<group>"; };
		C3F1A54412C78F1E001AB554 /* ElasticPreferences.xcconfig */ = {isa = PBXFileReference; fileEncoding = 4; lastKnownFileType = text.xcconfig; path = ElasticPreferences.xcconfig; sourceTree = "<group>"; };
		C3F1A5FC12C79B72001AB554 /* eu.png */ = {isa = PBXFileReference; lastKnownFileType = image.png; path = eu.png; sourceTree = "<group>"; };
		C3F1A5FD12C79B72001AB554 /* sg.png */ = {isa = PBXFileReference; lastKnownFileType = image.png; path = sg.png; sourceTree = "<group>"; };
		C3F1A5FE12C79B72001AB554 /* us.png */ = {isa = PBXFileReference; lastKnownFileType = image.png; path = us.png; sourceTree = "<group>"; };
		C3F1A65312C7A77D001AB554 /* Preferences.h */ = {isa = PBXFileReference; fileEncoding = 4; lastKnownFileType = sourcecode.c.h; path = Preferences.h; sourceTree = "<group>"; };
		C3F1A65412C7A77D001AB554 /* Preferences.m */ = {isa = PBXFileReference; fileEncoding = 4; lastKnownFileType = sourcecode.c.objc; path = Preferences.m; sourceTree = "<group>"; };
		C3F1A78B12C8B514001AB554 /* RefreshIntervalLabelValueTransformer.h */ = {isa = PBXFileReference; fileEncoding = 4; lastKnownFileType = sourcecode.c.h; path = RefreshIntervalLabelValueTransformer.h; sourceTree = "<group>"; };
		C3F1A78C12C8B514001AB554 /* RefreshIntervalLabelValueTransformer.m */ = {isa = PBXFileReference; fileEncoding = 4; lastKnownFileType = sourcecode.c.objc; path = RefreshIntervalLabelValueTransformer.m; sourceTree = "<group>"; };
		C3F1A7DB12C8BCB7001AB554 /* RefreshIntervalValueTransformer.h */ = {isa = PBXFileReference; fileEncoding = 4; lastKnownFileType = sourcecode.c.h; path = RefreshIntervalValueTransformer.h; sourceTree = "<group>"; };
		C3F1A7DC12C8BCB7001AB554 /* RefreshIntervalValueTransformer.m */ = {isa = PBXFileReference; fileEncoding = 4; lastKnownFileType = sourcecode.c.objc; path = RefreshIntervalValueTransformer.m; sourceTree = "<group>"; };
/* End PBXFileReference section */

/* Begin PBXFrameworksBuildPhase section */
		8D11072E0486CEB800E47090 /* Frameworks */ = {
			isa = PBXFrameworksBuildPhase;
			buildActionMask = 2147483647;
			files = (
				8D11072F0486CEB800E47090 /* Cocoa.framework in Frameworks */,
				C3CE00A112D739C4006E87EF /* Security.framework in Frameworks */,
			);
			runOnlyForDeploymentPostprocessing = 0;
		};
/* End PBXFrameworksBuildPhase section */

/* Begin PBXGroup section */
		080E96DDFE201D6D7F000001 /* Classes */ = {
			isa = PBXGroup;
			children = (
				C3CEFE7312D72EA1006E87EF /* Value Transformers */,
				C3D71EA312CA572D00C4FFFE /* TBDebug.h */,
				C3D71EA412CA572D00C4FFFE /* TBMacros.h */,
				C30F2CC212D60EEF00B5AB60 /* AWSConstants.h */,
				C30F2CC312D60EEF00B5AB60 /* AWSConstants.m */,
				256AC3D80F4B6AC300CF3369 /* AppDelegate.h */,
				256AC3D90F4B6AC300CF3369 /* AppDelegate.m */,
				C3F1A65312C7A77D001AB554 /* Preferences.h */,
				C3F1A65412C7A77D001AB554 /* Preferences.m */,
				C3CEFE7012D72E41006E87EF /* Keychain.h */,
				C3CEFE7112D72E41006E87EF /* Keychain.m */,
				C379FAFE12D881B600D055EF /* KeychainController.h */,
				C379FAFF12D881B600D055EF /* KeychainController.m */,
			);
			path = Classes;
			sourceTree = "<group>";
		};
		1058C7A0FEA54F0111CA2CBB /* Linked Frameworks */ = {
			isa = PBXGroup;
			children = (
				29B97325FDCFA39411CA2CEA /* Foundation.framework */,
				29B97324FDCFA39411CA2CEA /* AppKit.framework */,
				1058C7A1FEA54F0111CA2CBB /* Cocoa.framework */,
				C3CE00A012D739C4006E87EF /* Security.framework */,
			);
			name = "Linked Frameworks";
			sourceTree = "<group>";
		};
		19C28FACFE9D520D11CA2CBB /* Products */ = {
			isa = PBXGroup;
			children = (
				8D1107320486CEB800E47090 /* ElasticPreferences.app */,
			);
			name = Products;
			sourceTree = "<group>";
		};
		29B97314FDCFA39411CA2CEA /* ElasticPreferences */ = {
			isa = PBXGroup;
			children = (
				080E96DDFE201D6D7F000001 /* Classes */,
				29B97315FDCFA39411CA2CEA /* Other Sources */,
				29B97317FDCFA39411CA2CEA /* Resources */,
				29B97323FDCFA39411CA2CEA /* Frameworks */,
				19C28FACFE9D520D11CA2CBB /* Products */,
			);
			name = ElasticPreferences;
			sourceTree = "<group>";
		};
		29B97315FDCFA39411CA2CEA /* Other Sources */ = {
			isa = PBXGroup;
			children = (
				C3F1A54412C78F1E001AB554 /* ElasticPreferences.xcconfig */,
				256AC3F00F4B6AF500CF3369 /* ElasticPreferences_Prefix.pch */,
				29B97316FDCFA39411CA2CEA /* main.m */,
			);
			name = "Other Sources";
			sourceTree = "<group>";
		};
		29B97317FDCFA39411CA2CEA /* Resources */ = {
			isa = PBXGroup;
			children = (
				C3F1A5FB12C79B5B001AB554 /* Images */,
				C3F1A54012C78EA5001AB554 /* Icon.icns */,
				8D1107310486CEB800E47090 /* Info.plist */,
				089C165CFE840E0CC02AAC07 /* InfoPlist.strings */,
				1DDD58140DA1D0A300B32029 /* MainMenu.xib */,
			);
			path = Resources;
			sourceTree = "<group>";
		};
		29B97323FDCFA39411CA2CEA /* Frameworks */ = {
			isa = PBXGroup;
			children = (
				1058C7A0FEA54F0111CA2CBB /* Linked Frameworks */,
			);
			name = Frameworks;
			sourceTree = "<group>";
		};
		C3CEFE7312D72EA1006E87EF /* Value Transformers */ = {
			isa = PBXGroup;
			children = (
				C3F1A7DB12C8BCB7001AB554 /* RefreshIntervalValueTransformer.h */,
				C3F1A7DC12C8BCB7001AB554 /* RefreshIntervalValueTransformer.m */,
				C3F1A78B12C8B514001AB554 /* RefreshIntervalLabelValueTransformer.h */,
				C3F1A78C12C8B514001AB554 /* RefreshIntervalLabelValueTransformer.m */,
			);
			name = "Value Transformers";
			sourceTree = "<group>";
		};
		C3F1A5FB12C79B5B001AB554 /* Images */ = {
			isa = PBXGroup;
			children = (
				C3F1A5FC12C79B72001AB554 /* eu.png */,
				C3F1A5FD12C79B72001AB554 /* sg.png */,
				C3F1A5FE12C79B72001AB554 /* us.png */,
			);
			path = Images;
			sourceTree = "<group>";
		};
/* End PBXGroup section */

/* Begin PBXNativeTarget section */
		8D1107260486CEB800E47090 /* ElasticPreferences */ = {
			isa = PBXNativeTarget;
			buildConfigurationList = C01FCF4A08A954540054247B /* Build configuration list for PBXNativeTarget "ElasticPreferences" */;
			buildPhases = (
				8D1107290486CEB800E47090 /* Resources */,
				8D11072C0486CEB800E47090 /* Sources */,
				8D11072E0486CEB800E47090 /* Frameworks */,
			);
			buildRules = (
			);
			dependencies = (
			);
			name = ElasticPreferences;
			productInstallPath = "$(HOME)/Applications";
			productName = ElasticPreferences;
			productReference = 8D1107320486CEB800E47090 /* ElasticPreferences.app */;
			productType = "com.apple.product-type.application";
		};
/* End PBXNativeTarget section */

/* Begin PBXProject section */
		29B97313FDCFA39411CA2CEA /* Project object */ = {
			isa = PBXProject;
			buildConfigurationList = C01FCF4E08A954540054247B /* Build configuration list for PBXProject "ElasticPreferences" */;
			compatibilityVersion = "Xcode 3.2";
			developmentRegion = English;
			hasScannedForEncodings = 1;
			knownRegions = (
				English,
				Japanese,
				French,
				German,
			);
			mainGroup = 29B97314FDCFA39411CA2CEA /* ElasticPreferences */;
			projectDirPath = "";
			projectRoot = "";
			targets = (
				8D1107260486CEB800E47090 /* ElasticPreferences */,
			);
		};
/* End PBXProject section */

/* Begin PBXResourcesBuildPhase section */
		8D1107290486CEB800E47090 /* Resources */ = {
			isa = PBXResourcesBuildPhase;
			buildActionMask = 2147483647;
			files = (
				8D11072B0486CEB800E47090 /* InfoPlist.strings in Resources */,
				1DDD58160DA1D0A300B32029 /* MainMenu.xib in Resources */,
				C3F1A54112C78EA5001AB554 /* Icon.icns in Resources */,
				C3F1A5FF12C79B72001AB554 /* eu.png in Resources */,
				C3F1A60012C79B72001AB554 /* sg.png in Resources */,
				C3F1A60112C79B72001AB554 /* us.png in Resources */,
			);
			runOnlyForDeploymentPostprocessing = 0;
		};
/* End PBXResourcesBuildPhase section */

/* Begin PBXSourcesBuildPhase section */
		8D11072C0486CEB800E47090 /* Sources */ = {
			isa = PBXSourcesBuildPhase;
			buildActionMask = 2147483647;
			files = (
				8D11072D0486CEB800E47090 /* main.m in Sources */,
				256AC3DA0F4B6AC300CF3369 /* AppDelegate.m in Sources */,
				C3F1A65512C7A77D001AB554 /* Preferences.m in Sources */,
				C3F1A78D12C8B514001AB554 /* RefreshIntervalLabelValueTransformer.m in Sources */,
				C3F1A7DD12C8BCB7001AB554 /* RefreshIntervalValueTransformer.m in Sources */,
				C30F2CC412D60EEF00B5AB60 /* AWSConstants.m in Sources */,
				C3CEFE7212D72E41006E87EF /* Keychain.m in Sources */,
				C379FB0012D881B600D055EF /* KeychainController.m in Sources */,
			);
			runOnlyForDeploymentPostprocessing = 0;
		};
/* End PBXSourcesBuildPhase section */

/* Begin PBXVariantGroup section */
		089C165CFE840E0CC02AAC07 /* InfoPlist.strings */ = {
			isa = PBXVariantGroup;
			children = (
				089C165DFE840E0CC02AAC07 /* English */,
			);
			name = InfoPlist.strings;
			sourceTree = "<group>";
		};
		1DDD58140DA1D0A300B32029 /* MainMenu.xib */ = {
			isa = PBXVariantGroup;
			children = (
				1DDD58150DA1D0A300B32029 /* English */,
			);
			name = MainMenu.xib;
			sourceTree = "<group>";
		};
/* End PBXVariantGroup section */

/* Begin XCBuildConfiguration section */
		C01FCF4B08A954540054247B /* Debug */ = {
			isa = XCBuildConfiguration;
			baseConfigurationReference = C3F1A54412C78F1E001AB554 /* ElasticPreferences.xcconfig */;
			buildSettings = {
				ALWAYS_SEARCH_USER_PATHS = NO;
				COPY_PHASE_STRIP = NO;
				GCC_DYNAMIC_NO_PIC = NO;
				GCC_ENABLE_FIX_AND_CONTINUE = YES;
				GCC_MODEL_TUNING = G5;
				GCC_OPTIMIZATION_LEVEL = 0;
				GCC_PRECOMPILE_PREFIX_HEADER = YES;
				GCC_PREFIX_HEADER = ElasticPreferences_Prefix.pch;
				INFOPLIST_FILE = Info.plist;
				INSTALL_PATH = "$(HOME)/Applications";
				PRODUCT_NAME = ElasticPreferences;
			};
			name = Debug;
		};
		C01FCF4C08A954540054247B /* Release */ = {
			isa = XCBuildConfiguration;
			baseConfigurationReference = C3F1A54412C78F1E001AB554 /* ElasticPreferences.xcconfig */;
			buildSettings = {
				ALWAYS_SEARCH_USER_PATHS = NO;
				DEBUG_INFORMATION_FORMAT = "dwarf-with-dsym";
				GCC_MODEL_TUNING = G5;
				GCC_PRECOMPILE_PREFIX_HEADER = YES;
				GCC_PREFIX_HEADER = ElasticPreferences_Prefix.pch;
				INFOPLIST_FILE = Info.plist;
				INSTALL_PATH = "$(HOME)/Applications";
				PRODUCT_NAME = ElasticPreferences;
			};
			name = Release;
		};
		C01FCF4F08A954540054247B /* Debug */ = {
			isa = XCBuildConfiguration;
			baseConfigurationReference = C3F1A54412C78F1E001AB554 /* ElasticPreferences.xcconfig */;
			buildSettings = {
				ARCHS = "$(ARCHS_STANDARD_32_64_BIT)";
				GCC_C_LANGUAGE_STANDARD = c99;
				GCC_OPTIMIZATION_LEVEL = 0;
				GCC_PREPROCESSOR_DEFINITIONS = TB_DEBUG;
				GCC_WARN_ABOUT_RETURN_TYPE = YES;
				GCC_WARN_UNUSED_VARIABLE = YES;
				MACOSX_DEPLOYMENT_TARGET = 10.6;
				ONLY_ACTIVE_ARCH = YES;
				PREBINDING = NO;
				SDKROOT = macosx10.6;
			};
			name = Debug;
		};
		C01FCF5008A954540054247B /* Release */ = {
			isa = XCBuildConfiguration;
			baseConfigurationReference = C3F1A54412C78F1E001AB554 /* ElasticPreferences.xcconfig */;
			buildSettings = {
				ARCHS = "$(ARCHS_STANDARD_32_64_BIT)";
				GCC_C_LANGUAGE_STANDARD = c99;
				GCC_WARN_ABOUT_RETURN_TYPE = YES;
				GCC_WARN_UNUSED_VARIABLE = YES;
				MACOSX_DEPLOYMENT_TARGET = 10.6;
				PREBINDING = NO;
				SDKROOT = macosx10.6;
			};
			name = Release;
		};
/* End XCBuildConfiguration section */

/* Begin XCConfigurationList section */
		C01FCF4A08A954540054247B /* Build configuration list for PBXNativeTarget "ElasticPreferences" */ = {
			isa = XCConfigurationList;
			buildConfigurations = (
				C01FCF4B08A954540054247B /* Debug */,
				C01FCF4C08A954540054247B /* Release */,
			);
			defaultConfigurationIsVisible = 0;
			defaultConfigurationName = Release;
		};
		C01FCF4E08A954540054247B /* Build configuration list for PBXProject "ElasticPreferences" */ = {
			isa = XCConfigurationList;
			buildConfigurations = (
				C01FCF4F08A954540054247B /* Debug */,
				C01FCF5008A954540054247B /* Release */,
			);
			defaultConfigurationIsVisible = 0;
			defaultConfigurationName = Release;
		};
/* End XCConfigurationList section */
	};
	rootObject = 29B97313FDCFA39411CA2CEA /* Project object */;
}
