// !$*UTF8*$!
{
	archiveVersion = 1;
	classes = {
	};
	objectVersion = 46;
	objects = {

/* Begin PBXBuildFile section */
		1DDD58160DA1D0A300B32029 /* MainMenu.xib in Resources */ = {isa = PBXBuildFile; fileRef = 1DDD58140DA1D0A300B32029 /* MainMenu.xib */; };
		256AC3DA0F4B6AC300CF3369 /* ElasticsAppDelegate.m in Sources */ = {isa = PBXBuildFile; fileRef = 256AC3D90F4B6AC300CF3369 /* ElasticsAppDelegate.m */; };
		8D11072B0486CEB800E47090 /* InfoPlist.strings in Resources */ = {isa = PBXBuildFile; fileRef = 089C165CFE840E0CC02AAC07 /* InfoPlist.strings */; };
		8D11072D0486CEB800E47090 /* main.m in Sources */ = {isa = PBXBuildFile; fileRef = 29B97316FDCFA39411CA2CEA /* main.m */; settings = {ATTRIBUTES = (); }; };
		8D11072F0486CEB800E47090 /* Cocoa.framework in Frameworks */ = {isa = PBXBuildFile; fileRef = 1058C7A1FEA54F0111CA2CBB /* Cocoa.framework */; };
		C311E2E014B1B177000CB004 /* EC2Placement.m in Sources */ = {isa = PBXBuildFile; fileRef = C311E2DF14B1B177000CB004 /* EC2Placement.m */; };
		C32823E312C90E1900020D48 /* AWSError.m in Sources */ = {isa = PBXBuildFile; fileRef = C32823E212C90E1900020D48 /* AWSError.m */; };
		C32C295D12C0C60900F2C136 /* AWSConstants.m in Sources */ = {isa = PBXBuildFile; fileRef = C32C290B12C0C60900F2C136 /* AWSConstants.m */; };
		C32C295E12C0C60900F2C136 /* AWSRequest.m in Sources */ = {isa = PBXBuildFile; fileRef = C32C290D12C0C60900F2C136 /* AWSRequest.m */; };
		C32C295F12C0C60900F2C136 /* NSData+Base64.m in Sources */ = {isa = PBXBuildFile; fileRef = C32C290F12C0C60900F2C136 /* NSData+Base64.m */; };
		C32C296012C0C60900F2C136 /* NSString+HMAC-SHA1.m in Sources */ = {isa = PBXBuildFile; fileRef = C32C291112C0C60900F2C136 /* NSString+HMAC-SHA1.m */; };
		C32C296112C0C60900F2C136 /* NSString+URLEncoding.m in Sources */ = {isa = PBXBuildFile; fileRef = C32C291312C0C60900F2C136 /* NSString+URLEncoding.m */; };
		C32C296412C0C60900F2C136 /* EC2DescribeInstancesRequest.m in Sources */ = {isa = PBXBuildFile; fileRef = C32C291A12C0C60900F2C136 /* EC2DescribeInstancesRequest.m */; };
		C32C296A12C0C60900F2C136 /* EC2DescribeInstancesResponse.m in Sources */ = {isa = PBXBuildFile; fileRef = C32C292712C0C60900F2C136 /* EC2DescribeInstancesResponse.m */; };
		C32C296D12C0C60900F2C136 /* AWSResponse.m in Sources */ = {isa = PBXBuildFile; fileRef = C32C292D12C0C60900F2C136 /* AWSResponse.m */; };
		C32C297412C0C60900F2C136 /* EC2Instance.m in Sources */ = {isa = PBXBuildFile; fileRef = C32C293C12C0C60900F2C136 /* EC2Instance.m */; };
		C32C297712C0C60900F2C136 /* EC2InstanceState.m in Sources */ = {isa = PBXBuildFile; fileRef = C32C294212C0C60900F2C136 /* EC2InstanceState.m */; };
		C32C298112C0C60900F2C136 /* EC2Tag.m in Sources */ = {isa = PBXBuildFile; fileRef = C32C295612C0C60900F2C136 /* EC2Tag.m */; };
		C32C298C12C0C63900F2C136 /* NSDataAdditions.m in Sources */ = {isa = PBXBuildFile; fileRef = C32C298912C0C63900F2C136 /* NSDataAdditions.m */; };
		C32C298D12C0C63900F2C136 /* TBXML.m in Sources */ = {isa = PBXBuildFile; fileRef = C32C298B12C0C63900F2C136 /* TBXML.m */; };
		C32C299E12C0C7FF00F2C136 /* AWSType.m in Sources */ = {isa = PBXBuildFile; fileRef = C32C299D12C0C7FF00F2C136 /* AWSType.m */; };
		C32C29BE12C0C93500F2C136 /* EC2Reservation.m in Sources */ = {isa = PBXBuildFile; fileRef = C32C29BD12C0C93500F2C136 /* EC2Reservation.m */; };
		C32C29CA12C0C9BB00F2C136 /* libz.dylib in Frameworks */ = {isa = PBXBuildFile; fileRef = C32C29C912C0C9BB00F2C136 /* libz.dylib */; };
		C32C2A0212C0CF2000F2C136 /* DataSource.m in Sources */ = {isa = PBXBuildFile; fileRef = C32C2A0112C0CF2000F2C136 /* DataSource.m */; };
		C32C2B5312C0E2B600F2C136 /* InstanceStateOther.png in Resources */ = {isa = PBXBuildFile; fileRef = C32C2B4E12C0E2B600F2C136 /* InstanceStateOther.png */; };
		C32C2B5412C0E2B600F2C136 /* InstanceStateRunning.png in Resources */ = {isa = PBXBuildFile; fileRef = C32C2B4F12C0E2B600F2C136 /* InstanceStateRunning.png */; };
		C32C2B5512C0E2B600F2C136 /* InstanceStateStopped.png in Resources */ = {isa = PBXBuildFile; fileRef = C32C2B5012C0E2B600F2C136 /* InstanceStateStopped.png */; };
		C32C2B5612C0E2B600F2C136 /* InstanceStateTerminated.png in Resources */ = {isa = PBXBuildFile; fileRef = C32C2B5112C0E2B600F2C136 /* InstanceStateTerminated.png */; };
		C32C2B5712C0E2B600F2C136 /* StatusItem.png in Resources */ = {isa = PBXBuildFile; fileRef = C32C2B5212C0E2B600F2C136 /* StatusItem.png */; };
		C32C30FA12C20F2F00F2C136 /* QuartzCore.framework in Frameworks */ = {isa = PBXBuildFile; fileRef = C32C30F912C20F2F00F2C136 /* QuartzCore.framework */; };
		C32C319412C21F1900F2C136 /* EC2Request.m in Sources */ = {isa = PBXBuildFile; fileRef = C32C319312C21F1900F2C136 /* EC2Request.m */; };
		C32C319712C21F7E00F2C136 /* MonitoringRequest.m in Sources */ = {isa = PBXBuildFile; fileRef = C32C319612C21F7E00F2C136 /* MonitoringRequest.m */; };
		C32C31D612C22D1C00F2C136 /* MonitoringGetMetricStatisticsRequest.m in Sources */ = {isa = PBXBuildFile; fileRef = C32C31D512C22D1C00F2C136 /* MonitoringGetMetricStatisticsRequest.m */; };
		C32C31E112C22DBA00F2C136 /* EC2Response.m in Sources */ = {isa = PBXBuildFile; fileRef = C32C31E012C22DBA00F2C136 /* EC2Response.m */; };
		C32C321712C2312E00F2C136 /* MonitoringResponse.m in Sources */ = {isa = PBXBuildFile; fileRef = C32C321612C2312E00F2C136 /* MonitoringResponse.m */; };
		C32C321A12C2319D00F2C136 /* MonitoringGetMetricStatisticsResponse.m in Sources */ = {isa = PBXBuildFile; fileRef = C32C321912C2319D00F2C136 /* MonitoringGetMetricStatisticsResponse.m */; };
		C32C328012C239FE00F2C136 /* NSDate+StringConversions.m in Sources */ = {isa = PBXBuildFile; fileRef = C32C327F12C239FE00F2C136 /* NSDate+StringConversions.m */; };
		C32C32B112C23CDA00F2C136 /* NSString+DateConversions.m in Sources */ = {isa = PBXBuildFile; fileRef = C32C32B012C23CDA00F2C136 /* NSString+DateConversions.m */; };
		C32C32F912C23FE000F2C136 /* MonitoringDatapoint.m in Sources */ = {isa = PBXBuildFile; fileRef = C32C32F812C23FE000F2C136 /* MonitoringDatapoint.m */; };
		C32C33C412C24F4200F2C136 /* MonitoringStatisticsResult.m in Sources */ = {isa = PBXBuildFile; fileRef = C32C33C312C24F4200F2C136 /* MonitoringStatisticsResult.m */; };
		C33F79B515FF4D310085CCE2 /* Icon.iconset in Resources */ = {isa = PBXBuildFile; fileRef = C33F79B415FF4D310085CCE2 /* Icon.iconset */; };
		C33F79C215FF7ACC0085CCE2 /* EU@2x.png in Resources */ = {isa = PBXBuildFile; fileRef = C33F79BE15FF7ACC0085CCE2 /* EU@2x.png */; };
		C33F79C315FF7ACC0085CCE2 /* JP@2x.png in Resources */ = {isa = PBXBuildFile; fileRef = C33F79BF15FF7ACC0085CCE2 /* JP@2x.png */; };
		C33F79C415FF7ACC0085CCE2 /* SG@2x.png in Resources */ = {isa = PBXBuildFile; fileRef = C33F79C015FF7ACC0085CCE2 /* SG@2x.png */; };
		C33F79C515FF7ACC0085CCE2 /* US@2x.png in Resources */ = {isa = PBXBuildFile; fileRef = C33F79C115FF7ACC0085CCE2 /* US@2x.png */; };
		C33F79C715FF7B280085CCE2 /* BR@2x.png in Resources */ = {isa = PBXBuildFile; fileRef = C33F79C615FF7B280085CCE2 /* BR@2x.png */; };
		C33F79CE15FF7EAC0085CCE2 /* InstanceStateOther@2x.png in Resources */ = {isa = PBXBuildFile; fileRef = C33F79C815FF7EAB0085CCE2 /* InstanceStateOther@2x.png */; };
		C33F79CF15FF7EAC0085CCE2 /* InstanceStateRefreshing@2x.png in Resources */ = {isa = PBXBuildFile; fileRef = C33F79C915FF7EAB0085CCE2 /* InstanceStateRefreshing@2x.png */; };
		C33F79D015FF7EAC0085CCE2 /* InstanceStateRunning@2x.png in Resources */ = {isa = PBXBuildFile; fileRef = C33F79CA15FF7EAB0085CCE2 /* InstanceStateRunning@2x.png */; };
		C33F79D115FF7EAC0085CCE2 /* InstanceStateRunning272@2x.png in Resources */ = {isa = PBXBuildFile; fileRef = C33F79CB15FF7EAB0085CCE2 /* InstanceStateRunning272@2x.png */; };
		C33F79D215FF7EAC0085CCE2 /* InstanceStateStopped@2x.png in Resources */ = {isa = PBXBuildFile; fileRef = C33F79CC15FF7EAB0085CCE2 /* InstanceStateStopped@2x.png */; };
		C33F79D315FF7EAC0085CCE2 /* InstanceStateTerminated@2x.png in Resources */ = {isa = PBXBuildFile; fileRef = C33F79CD15FF7EAC0085CCE2 /* InstanceStateTerminated@2x.png */; };
		C3603E5A12DC7AA100B13219 /* Progress.png in Resources */ = {isa = PBXBuildFile; fileRef = C3603E5912DC7AA100B13219 /* Progress.png */; };
		C379FA7612D7F90300D055EF /* Elastics Preferences.app in CopyFiles */ = {isa = PBXBuildFile; fileRef = C3BFED5B12D76B1A007A4EDF /* Elastics Preferences.app */; };
		C379FD6612D89BB800D055EF /* Security.framework in Frameworks */ = {isa = PBXBuildFile; fileRef = C379FD6512D89BB800D055EF /* Security.framework */; };
		C38ACE2714D29F7900A7C1E0 /* EC2Group.m in Sources */ = {isa = PBXBuildFile; fileRef = C38ACE2614D29F7900A7C1E0 /* EC2Group.m */; };
		C391BB0C12CB9F3E00BD929A /* AWSErrorResponse.m in Sources */ = {isa = PBXBuildFile; fileRef = C391BB0B12CB9F3E00BD929A /* AWSErrorResponse.m */; };
		C391BB0F12CBA0C600BD929A /* EC2ErrorResponse.m in Sources */ = {isa = PBXBuildFile; fileRef = C391BB0E12CBA0C600BD929A /* EC2ErrorResponse.m */; };
		C391BB1212CBA10A00BD929A /* MonitoringErrorResponse.m in Sources */ = {isa = PBXBuildFile; fileRef = C391BB1112CBA10A00BD929A /* MonitoringErrorResponse.m */; };
		C39E88D3136A952C00397C30 /* InstanceStateRunning272.png in Resources */ = {isa = PBXBuildFile; fileRef = C39E88D2136A952C00397C30 /* InstanceStateRunning272.png */; };
		C3A3F3BF14C85F3100397B2D /* BR.png in Resources */ = {isa = PBXBuildFile; fileRef = C3A3F3BE14C85F3100397B2D /* BR.png */; };
		C3B3741C12D4B36200A1E47E /* Notification.png in Resources */ = {isa = PBXBuildFile; fileRef = C3B3741A12D4B36200A1E47E /* Notification.png */; };
		C3B3741D12D4B36200A1E47E /* Error.png in Resources */ = {isa = PBXBuildFile; fileRef = C3B3741B12D4B36200A1E47E /* Error.png */; };
		C3BC74DD13E13BFE0061D438 /* Account.m in Sources */ = {isa = PBXBuildFile; fileRef = C3BC74DA13E13BFE0061D438 /* Account.m */; };
		C3BC74DE13E13BFE0061D438 /* AccountsManager.m in Sources */ = {isa = PBXBuildFile; fileRef = C3BC74DC13E13BFE0061D438 /* AccountsManager.m */; };
		C3CC6E5915FF862B0051503D /* Error@2x.png in Resources */ = {isa = PBXBuildFile; fileRef = C3CC6E5615FF862B0051503D /* Error@2x.png */; };
		C3CC6E5A15FF862B0051503D /* Notification@2x.png in Resources */ = {isa = PBXBuildFile; fileRef = C3CC6E5715FF862B0051503D /* Notification@2x.png */; };
		C3CC6E5B15FF862B0051503D /* Progress@2x.png in Resources */ = {isa = PBXBuildFile; fileRef = C3CC6E5815FF862B0051503D /* Progress@2x.png */; };
		C3CC6E5E15FF86BC0051503D /* StatusItem@2x.png in Resources */ = {isa = PBXBuildFile; fileRef = C3CC6E5C15FF86BC0051503D /* StatusItem@2x.png */; };
		C3CC6E5F15FF86BC0051503D /* StatusItemAlert@2x.png in Resources */ = {isa = PBXBuildFile; fileRef = C3CC6E5D15FF86BC0051503D /* StatusItemAlert@2x.png */; };
		C3CE021912D76678006E87EF /* StatusItemAlert.png in Resources */ = {isa = PBXBuildFile; fileRef = C3CE021812D76678006E87EF /* StatusItemAlert.png */; };
		C3D1D9C212DB2857005E576A /* InstanceStateRefreshing.png in Resources */ = {isa = PBXBuildFile; fileRef = C3D1D9C112DB2857005E576A /* InstanceStateRefreshing.png */; };
		C3D1DA6D12DB32C0005E576A /* ValidateReceipt.m in Sources */ = {isa = PBXBuildFile; fileRef = C3D1DA6C12DB32C0005E576A /* ValidateReceipt.m */; };
		C3D1DA8012DB33D8005E576A /* libcrypto.dylib in Frameworks */ = {isa = PBXBuildFile; fileRef = C3D1DA7F12DB33D8005E576A /* libcrypto.dylib */; };
		C3D1DA8412DB33E5005E576A /* IOKit.framework in Frameworks */ = {isa = PBXBuildFile; fileRef = C3D1DA8312DB33E5005E576A /* IOKit.framework */; };
		C3D1DB4112DB3471005E576A /* Constants.m in Sources */ = {isa = PBXBuildFile; fileRef = C3D1DB4012DB3471005E576A /* Constants.m */; };
		C3D1DC6912DB574F005E576A /* Credits.html in Resources */ = {isa = PBXBuildFile; fileRef = C3D1DC6812DB574F005E576A /* Credits.html */; };
		C3DAED6E12C34DE200A0106D /* ChartView.m in Sources */ = {isa = PBXBuildFile; fileRef = C3DAED6D12C34DE200A0106D /* ChartView.m */; };
		C3EA80EF13E1702A00FFFF7F /* EU.png in Resources */ = {isa = PBXBuildFile; fileRef = C3EA80EB13E1702A00FFFF7F /* EU.png */; };
		C3EA80F013E1702A00FFFF7F /* JP.png in Resources */ = {isa = PBXBuildFile; fileRef = C3EA80EC13E1702A00FFFF7F /* JP.png */; };
		C3EA80F113E1702A00FFFF7F /* SG.png in Resources */ = {isa = PBXBuildFile; fileRef = C3EA80ED13E1702A00FFFF7F /* SG.png */; };
		C3EA80F213E1702A00FFFF7F /* US.png in Resources */ = {isa = PBXBuildFile; fileRef = C3EA80EE13E1702A00FFFF7F /* US.png */; };
		C3F19E6E12C60E87001AB554 /* EC2Monitoring.m in Sources */ = {isa = PBXBuildFile; fileRef = C3F19E6D12C60E87001AB554 /* EC2Monitoring.m */; };
		C3F1A65E12C7A7EF001AB554 /* Preferences.m in Sources */ = {isa = PBXBuildFile; fileRef = C3F1A65D12C7A7EF001AB554 /* Preferences.m */; };
		E347F3BF864B12240C98FA2D /* libPods-Elastics.a in Frameworks */ = {isa = PBXBuildFile; fileRef = 003AE9D4D1E7AA3325CB24A9 /* libPods-Elastics.a */; };
/* End PBXBuildFile section */

/* Begin PBXContainerItemProxy section */
		C36C7D2613126103001158B6 /* PBXContainerItemProxy */ = {
			isa = PBXContainerItemProxy;
			containerPortal = C3F1A54B12C78F98001AB554 /* ElasticsPreferences.xcodeproj */;
			proxyType = 1;
			remoteGlobalIDString = 8D1107260486CEB800E47090;
			remoteInfo = "Elastics Preferences";
		};
		C3BFED5A12D76B1A007A4EDF /* PBXContainerItemProxy */ = {
			isa = PBXContainerItemProxy;
			containerPortal = C3F1A54B12C78F98001AB554 /* ElasticsPreferences.xcodeproj */;
			proxyType = 2;
			remoteGlobalIDString = 8D1107320486CEB800E47090;
			remoteInfo = ElasticsPreferences;
		};
/* End PBXContainerItemProxy section */

/* Begin PBXCopyFilesBuildPhase section */
		C3F1A56A12C79033001AB554 /* CopyFiles */ = {
			isa = PBXCopyFilesBuildPhase;
			buildActionMask = 2147483647;
			dstPath = Contents/Helpers;
			dstSubfolderSpec = 1;
			files = (
				C379FA7612D7F90300D055EF /* Elastics Preferences.app in CopyFiles */,
			);
			runOnlyForDeploymentPostprocessing = 0;
		};
/* End PBXCopyFilesBuildPhase section */

/* Begin PBXFileReference section */
		003AE9D4D1E7AA3325CB24A9 /* libPods-Elastics.a */ = {isa = PBXFileReference; explicitFileType = archive.ar; includeInIndex = 0; path = "libPods-Elastics.a"; sourceTree = BUILT_PRODUCTS_DIR; };
		089C165DFE840E0CC02AAC07 /* English */ = {isa = PBXFileReference; fileEncoding = 4; lastKnownFileType = text.plist.strings; name = English; path = English.lproj/InfoPlist.strings; sourceTree = "<group>"; };
		1058C7A1FEA54F0111CA2CBB /* Cocoa.framework */ = {isa = PBXFileReference; lastKnownFileType = wrapper.framework; name = Cocoa.framework; path = /System/Library/Frameworks/Cocoa.framework; sourceTree = "<absolute>"; };
		1DDD58150DA1D0A300B32029 /* English */ = {isa = PBXFileReference; lastKnownFileType = file.xib; name = English; path = English.lproj/MainMenu.xib; sourceTree = "<group>"; };
		256AC3D80F4B6AC300CF3369 /* ElasticsAppDelegate.h */ = {isa = PBXFileReference; fileEncoding = 4; lastKnownFileType = sourcecode.c.h; path = ElasticsAppDelegate.h; sourceTree = "<group>"; };
		256AC3D90F4B6AC300CF3369 /* ElasticsAppDelegate.m */ = {isa = PBXFileReference; fileEncoding = 4; lastKnownFileType = sourcecode.c.objc; path = ElasticsAppDelegate.m; sourceTree = "<group>"; };
		256AC3F00F4B6AF500CF3369 /* Elastics_Prefix.pch */ = {isa = PBXFileReference; fileEncoding = 4; lastKnownFileType = sourcecode.c.h; path = Elastics_Prefix.pch; sourceTree = "<group>"; };
		29B97316FDCFA39411CA2CEA /* main.m */ = {isa = PBXFileReference; fileEncoding = 4; lastKnownFileType = sourcecode.c.objc; path = main.m; sourceTree = "<group>"; };
		29B97324FDCFA39411CA2CEA /* AppKit.framework */ = {isa = PBXFileReference; lastKnownFileType = wrapper.framework; name = AppKit.framework; path = /System/Library/Frameworks/AppKit.framework; sourceTree = "<absolute>"; };
		29B97325FDCFA39411CA2CEA /* Foundation.framework */ = {isa = PBXFileReference; lastKnownFileType = wrapper.framework; name = Foundation.framework; path = /System/Library/Frameworks/Foundation.framework; sourceTree = "<absolute>"; };
		3020831BFDCCDD721E7EB304 /* Pods-Elastics.release.xcconfig */ = {isa = PBXFileReference; includeInIndex = 1; lastKnownFileType = text.xcconfig; name = "Pods-Elastics.release.xcconfig"; path = "Pods/Target Support Files/Pods-Elastics/Pods-Elastics.release.xcconfig"; sourceTree = "<group>"; };
		87EB7D96B198939682A612BD /* Pods-Elastics.beta.xcconfig */ = {isa = PBXFileReference; includeInIndex = 1; lastKnownFileType = text.xcconfig; name = "Pods-Elastics.beta.xcconfig"; path = "Pods/Target Support Files/Pods-Elastics/Pods-Elastics.beta.xcconfig"; sourceTree = "<group>"; };
		8D1107310486CEB800E47090 /* Info.plist */ = {isa = PBXFileReference; fileEncoding = 4; lastKnownFileType = text.plist.xml; name = Info.plist; path = ../Info.plist; sourceTree = "<group>"; };
		8D1107320486CEB800E47090 /* Elastics.app */ = {isa = PBXFileReference; explicitFileType = wrapper.application; includeInIndex = 0; path = Elastics.app; sourceTree = BUILT_PRODUCTS_DIR; };
		9C02C0999365F73C0ACE9E1B /* Pods-Elastics.distribution.xcconfig */ = {isa = PBXFileReference; includeInIndex = 1; lastKnownFileType = text.xcconfig; name = "Pods-Elastics.distribution.xcconfig"; path = "Pods/Target Support Files/Pods-Elastics/Pods-Elastics.distribution.xcconfig"; sourceTree = "<group>"; };
		A0C22F444421D2DA67DA12C0 /* Pods-Elastics.debug.xcconfig */ = {isa = PBXFileReference; includeInIndex = 1; lastKnownFileType = text.xcconfig; name = "Pods-Elastics.debug.xcconfig"; path = "Pods/Target Support Files/Pods-Elastics/Pods-Elastics.debug.xcconfig"; sourceTree = "<group>"; };
		C311E2DE14B1B177000CB004 /* EC2Placement.h */ = {isa = PBXFileReference; fileEncoding = 4; lastKnownFileType = sourcecode.c.h; path = EC2Placement.h; sourceTree = "<group>"; };
		C311E2DF14B1B177000CB004 /* EC2Placement.m */ = {isa = PBXFileReference; fileEncoding = 4; lastKnownFileType = sourcecode.c.objc; path = EC2Placement.m; sourceTree = "<group>"; };
		C32823E112C90E1900020D48 /* AWSError.h */ = {isa = PBXFileReference; fileEncoding = 4; lastKnownFileType = sourcecode.c.h; path = AWSError.h; sourceTree = "<group>"; };
		C32823E212C90E1900020D48 /* AWSError.m */ = {isa = PBXFileReference; fileEncoding = 4; lastKnownFileType = sourcecode.c.objc; path = AWSError.m; sourceTree = "<group>"; };
		C32C28C912C0C09200F2C136 /* Elastics.xcconfig */ = {isa = PBXFileReference; fileEncoding = 4; lastKnownFileType = text.xcconfig; path = Elastics.xcconfig; sourceTree = "<group>"; };
		C32C290A12C0C60900F2C136 /* AWSConstants.h */ = {isa = PBXFileReference; fileEncoding = 4; lastKnownFileType = sourcecode.c.h; path = AWSConstants.h; sourceTree = "<group>"; };
		C32C290B12C0C60900F2C136 /* AWSConstants.m */ = {isa = PBXFileReference; fileEncoding = 4; lastKnownFileType = sourcecode.c.objc; path = AWSConstants.m; sourceTree = "<group>"; };
		C32C290C12C0C60900F2C136 /* AWSRequest.h */ = {isa = PBXFileReference; fileEncoding = 4; lastKnownFileType = sourcecode.c.h; path = AWSRequest.h; sourceTree = "<group>"; };
		C32C290D12C0C60900F2C136 /* AWSRequest.m */ = {isa = PBXFileReference; fileEncoding = 4; lastKnownFileType = sourcecode.c.objc; path = AWSRequest.m; sourceTree = "<group>"; };
		C32C290E12C0C60900F2C136 /* NSData+Base64.h */ = {isa = PBXFileReference; fileEncoding = 4; lastKnownFileType = sourcecode.c.h; path = "NSData+Base64.h"; sourceTree = "<group>"; };
		C32C290F12C0C60900F2C136 /* NSData+Base64.m */ = {isa = PBXFileReference; fileEncoding = 4; lastKnownFileType = sourcecode.c.objc; path = "NSData+Base64.m"; sourceTree = "<group>"; };
		C32C291012C0C60900F2C136 /* NSString+HMAC-SHA1.h */ = {isa = PBXFileReference; fileEncoding = 4; lastKnownFileType = sourcecode.c.h; path = "NSString+HMAC-SHA1.h"; sourceTree = "<group>"; };
		C32C291112C0C60900F2C136 /* NSString+HMAC-SHA1.m */ = {isa = PBXFileReference; fileEncoding = 4; lastKnownFileType = sourcecode.c.objc; path = "NSString+HMAC-SHA1.m"; sourceTree = "<group>"; };
		C32C291212C0C60900F2C136 /* NSString+URLEncoding.h */ = {isa = PBXFileReference; fileEncoding = 4; lastKnownFileType = sourcecode.c.h; path = "NSString+URLEncoding.h"; sourceTree = "<group>"; };
		C32C291312C0C60900F2C136 /* NSString+URLEncoding.m */ = {isa = PBXFileReference; fileEncoding = 4; lastKnownFileType = sourcecode.c.objc; path = "NSString+URLEncoding.m"; sourceTree = "<group>"; };
		C32C291912C0C60900F2C136 /* EC2DescribeInstancesRequest.h */ = {isa = PBXFileReference; fileEncoding = 4; lastKnownFileType = sourcecode.c.h; path = EC2DescribeInstancesRequest.h; sourceTree = "<group>"; };
		C32C291A12C0C60900F2C136 /* EC2DescribeInstancesRequest.m */ = {isa = PBXFileReference; fileEncoding = 4; lastKnownFileType = sourcecode.c.objc; path = EC2DescribeInstancesRequest.m; sourceTree = "<group>"; };
		C32C292612C0C60900F2C136 /* EC2DescribeInstancesResponse.h */ = {isa = PBXFileReference; fileEncoding = 4; lastKnownFileType = sourcecode.c.h; path = EC2DescribeInstancesResponse.h; sourceTree = "<group>"; };
		C32C292712C0C60900F2C136 /* EC2DescribeInstancesResponse.m */ = {isa = PBXFileReference; fileEncoding = 4; lastKnownFileType = sourcecode.c.objc; path = EC2DescribeInstancesResponse.m; sourceTree = "<group>"; };
		C32C292C12C0C60900F2C136 /* AWSResponse.h */ = {isa = PBXFileReference; fileEncoding = 4; lastKnownFileType = sourcecode.c.h; path = AWSResponse.h; sourceTree = "<group>"; };
		C32C292D12C0C60900F2C136 /* AWSResponse.m */ = {isa = PBXFileReference; fileEncoding = 4; lastKnownFileType = sourcecode.c.objc; path = AWSResponse.m; sourceTree = "<group>"; };
		C32C293B12C0C60900F2C136 /* EC2Instance.h */ = {isa = PBXFileReference; fileEncoding = 4; lastKnownFileType = sourcecode.c.h; path = EC2Instance.h; sourceTree = "<group>"; };
		C32C293C12C0C60900F2C136 /* EC2Instance.m */ = {isa = PBXFileReference; fileEncoding = 4; lastKnownFileType = sourcecode.c.objc; path = EC2Instance.m; sourceTree = "<group>"; };
		C32C294112C0C60900F2C136 /* EC2InstanceState.h */ = {isa = PBXFileReference; fileEncoding = 4; lastKnownFileType = sourcecode.c.h; path = EC2InstanceState.h; sourceTree = "<group>"; };
		C32C294212C0C60900F2C136 /* EC2InstanceState.m */ = {isa = PBXFileReference; fileEncoding = 4; lastKnownFileType = sourcecode.c.objc; path = EC2InstanceState.m; sourceTree = "<group>"; };
		C32C295512C0C60900F2C136 /* EC2Tag.h */ = {isa = PBXFileReference; fileEncoding = 4; lastKnownFileType = sourcecode.c.h; path = EC2Tag.h; sourceTree = "<group>"; };
		C32C295612C0C60900F2C136 /* EC2Tag.m */ = {isa = PBXFileReference; fileEncoding = 4; lastKnownFileType = sourcecode.c.objc; path = EC2Tag.m; sourceTree = "<group>"; };
		C32C298812C0C63900F2C136 /* NSDataAdditions.h */ = {isa = PBXFileReference; fileEncoding = 4; lastKnownFileType = sourcecode.c.h; path = NSDataAdditions.h; sourceTree = "<group>"; };
		C32C298912C0C63900F2C136 /* NSDataAdditions.m */ = {isa = PBXFileReference; fileEncoding = 4; lastKnownFileType = sourcecode.c.objc; path = NSDataAdditions.m; sourceTree = "<group>"; };
		C32C298A12C0C63900F2C136 /* TBXML.h */ = {isa = PBXFileReference; fileEncoding = 4; lastKnownFileType = sourcecode.c.h; path = TBXML.h; sourceTree = "<group>"; };
		C32C298B12C0C63900F2C136 /* TBXML.m */ = {isa = PBXFileReference; fileEncoding = 4; lastKnownFileType = sourcecode.c.objc; path = TBXML.m; sourceTree = "<group>"; };
		C32C299C12C0C7FF00F2C136 /* AWSType.h */ = {isa = PBXFileReference; fileEncoding = 4; lastKnownFileType = sourcecode.c.h; path = AWSType.h; sourceTree = "<group>"; };
		C32C299D12C0C7FF00F2C136 /* AWSType.m */ = {isa = PBXFileReference; fileEncoding = 4; lastKnownFileType = sourcecode.c.objc; path = AWSType.m; sourceTree = "<group>"; };
		C32C29BC12C0C93500F2C136 /* EC2Reservation.h */ = {isa = PBXFileReference; fileEncoding = 4; lastKnownFileType = sourcecode.c.h; path = EC2Reservation.h; sourceTree = "<group>"; };
		C32C29BD12C0C93500F2C136 /* EC2Reservation.m */ = {isa = PBXFileReference; fileEncoding = 4; lastKnownFileType = sourcecode.c.objc; path = EC2Reservation.m; sourceTree = "<group>"; };
		C32C29C912C0C9BB00F2C136 /* libz.dylib */ = {isa = PBXFileReference; lastKnownFileType = "compiled.mach-o.dylib"; name = libz.dylib; path = usr/lib/libz.dylib; sourceTree = SDKROOT; };
		C32C2A0012C0CF2000F2C136 /* DataSource.h */ = {isa = PBXFileReference; fileEncoding = 4; lastKnownFileType = sourcecode.c.h; path = DataSource.h; sourceTree = "<group>"; };
		C32C2A0112C0CF2000F2C136 /* DataSource.m */ = {isa = PBXFileReference; fileEncoding = 4; lastKnownFileType = sourcecode.c.objc; path = DataSource.m; sourceTree = "<group>"; };
		C32C2B4E12C0E2B600F2C136 /* InstanceStateOther.png */ = {isa = PBXFileReference; lastKnownFileType = image.png; path = InstanceStateOther.png; sourceTree = "<group>"; };
		C32C2B4F12C0E2B600F2C136 /* InstanceStateRunning.png */ = {isa = PBXFileReference; lastKnownFileType = image.png; path = InstanceStateRunning.png; sourceTree = "<group>"; };
		C32C2B5012C0E2B600F2C136 /* InstanceStateStopped.png */ = {isa = PBXFileReference; lastKnownFileType = image.png; path = InstanceStateStopped.png; sourceTree = "<group>"; };
		C32C2B5112C0E2B600F2C136 /* InstanceStateTerminated.png */ = {isa = PBXFileReference; lastKnownFileType = image.png; path = InstanceStateTerminated.png; sourceTree = "<group>"; };
		C32C2B5212C0E2B600F2C136 /* StatusItem.png */ = {isa = PBXFileReference; lastKnownFileType = image.png; path = StatusItem.png; sourceTree = "<group>"; };
		C32C30F912C20F2F00F2C136 /* QuartzCore.framework */ = {isa = PBXFileReference; lastKnownFileType = wrapper.framework; name = QuartzCore.framework; path = System/Library/Frameworks/QuartzCore.framework; sourceTree = SDKROOT; };
		C32C319212C21F1900F2C136 /* EC2Request.h */ = {isa = PBXFileReference; fileEncoding = 4; lastKnownFileType = sourcecode.c.h; path = EC2Request.h; sourceTree = "<group>"; };
		C32C319312C21F1900F2C136 /* EC2Request.m */ = {isa = PBXFileReference; fileEncoding = 4; lastKnownFileType = sourcecode.c.objc; path = EC2Request.m; sourceTree = "<group>"; };
		C32C319512C21F7E00F2C136 /* MonitoringRequest.h */ = {isa = PBXFileReference; fileEncoding = 4; lastKnownFileType = sourcecode.c.h; path = MonitoringRequest.h; sourceTree = "<group>"; };
		C32C319612C21F7E00F2C136 /* MonitoringRequest.m */ = {isa = PBXFileReference; fileEncoding = 4; lastKnownFileType = sourcecode.c.objc; path = MonitoringRequest.m; sourceTree = "<group>"; };
		C32C31D412C22D1C00F2C136 /* MonitoringGetMetricStatisticsRequest.h */ = {isa = PBXFileReference; fileEncoding = 4; lastKnownFileType = sourcecode.c.h; path = MonitoringGetMetricStatisticsRequest.h; sourceTree = "<group>"; };
		C32C31D512C22D1C00F2C136 /* MonitoringGetMetricStatisticsRequest.m */ = {isa = PBXFileReference; fileEncoding = 4; lastKnownFileType = sourcecode.c.objc; path = MonitoringGetMetricStatisticsRequest.m; sourceTree = "<group>"; };
		C32C31DF12C22DBA00F2C136 /* EC2Response.h */ = {isa = PBXFileReference; fileEncoding = 4; lastKnownFileType = sourcecode.c.h; path = EC2Response.h; sourceTree = "<group>"; };
		C32C31E012C22DBA00F2C136 /* EC2Response.m */ = {isa = PBXFileReference; fileEncoding = 4; lastKnownFileType = sourcecode.c.objc; path = EC2Response.m; sourceTree = "<group>"; };
		C32C321512C2312E00F2C136 /* MonitoringResponse.h */ = {isa = PBXFileReference; fileEncoding = 4; lastKnownFileType = sourcecode.c.h; path = MonitoringResponse.h; sourceTree = "<group>"; };
		C32C321612C2312E00F2C136 /* MonitoringResponse.m */ = {isa = PBXFileReference; fileEncoding = 4; lastKnownFileType = sourcecode.c.objc; path = MonitoringResponse.m; sourceTree = "<group>"; };
		C32C321812C2319D00F2C136 /* MonitoringGetMetricStatisticsResponse.h */ = {isa = PBXFileReference; fileEncoding = 4; lastKnownFileType = sourcecode.c.h; path = MonitoringGetMetricStatisticsResponse.h; sourceTree = "<group>"; };
		C32C321912C2319D00F2C136 /* MonitoringGetMetricStatisticsResponse.m */ = {isa = PBXFileReference; fileEncoding = 4; lastKnownFileType = sourcecode.c.objc; path = MonitoringGetMetricStatisticsResponse.m; sourceTree = "<group>"; };
		C32C327E12C239FE00F2C136 /* NSDate+StringConversions.h */ = {isa = PBXFileReference; fileEncoding = 4; lastKnownFileType = sourcecode.c.h; path = "NSDate+StringConversions.h"; sourceTree = "<group>"; };
		C32C327F12C239FE00F2C136 /* NSDate+StringConversions.m */ = {isa = PBXFileReference; fileEncoding = 4; lastKnownFileType = sourcecode.c.objc; path = "NSDate+StringConversions.m"; sourceTree = "<group>"; };
		C32C32AF12C23CDA00F2C136 /* NSString+DateConversions.h */ = {isa = PBXFileReference; fileEncoding = 4; lastKnownFileType = sourcecode.c.h; path = "NSString+DateConversions.h"; sourceTree = "<group>"; };
		C32C32B012C23CDA00F2C136 /* NSString+DateConversions.m */ = {isa = PBXFileReference; fileEncoding = 4; lastKnownFileType = sourcecode.c.objc; path = "NSString+DateConversions.m"; sourceTree = "<group>"; };
		C32C32F712C23FE000F2C136 /* MonitoringDatapoint.h */ = {isa = PBXFileReference; fileEncoding = 4; lastKnownFileType = sourcecode.c.h; path = MonitoringDatapoint.h; sourceTree = "<group>"; };
		C32C32F812C23FE000F2C136 /* MonitoringDatapoint.m */ = {isa = PBXFileReference; fileEncoding = 4; lastKnownFileType = sourcecode.c.objc; path = MonitoringDatapoint.m; sourceTree = "<group>"; };
		C32C33C212C24F4200F2C136 /* MonitoringStatisticsResult.h */ = {isa = PBXFileReference; fileEncoding = 4; lastKnownFileType = sourcecode.c.h; path = MonitoringStatisticsResult.h; sourceTree = "<group>"; };
		C32C33C312C24F4200F2C136 /* MonitoringStatisticsResult.m */ = {isa = PBXFileReference; fileEncoding = 4; lastKnownFileType = sourcecode.c.objc; path = MonitoringStatisticsResult.m; sourceTree = "<group>"; };
		C33F79B415FF4D310085CCE2 /* Icon.iconset */ = {isa = PBXFileReference; lastKnownFileType = folder.iconset; name = Icon.iconset; path = ../Icon.iconset; sourceTree = "<group>"; };
		C33F79BE15FF7ACC0085CCE2 /* EU@2x.png */ = {isa = PBXFileReference; lastKnownFileType = image.png; path = "EU@2x.png"; sourceTree = "<group>"; };
		C33F79BF15FF7ACC0085CCE2 /* JP@2x.png */ = {isa = PBXFileReference; lastKnownFileType = image.png; path = "JP@2x.png"; sourceTree = "<group>"; };
		C33F79C015FF7ACC0085CCE2 /* SG@2x.png */ = {isa = PBXFileReference; lastKnownFileType = image.png; path = "SG@2x.png"; sourceTree = "<group>"; };
		C33F79C115FF7ACC0085CCE2 /* US@2x.png */ = {isa = PBXFileReference; lastKnownFileType = image.png; path = "US@2x.png"; sourceTree = "<group>"; };
		C33F79C615FF7B280085CCE2 /* BR@2x.png */ = {isa = PBXFileReference; lastKnownFileType = image.png; path = "BR@2x.png"; sourceTree = "<group>"; };
		C33F79C815FF7EAB0085CCE2 /* InstanceStateOther@2x.png */ = {isa = PBXFileReference; lastKnownFileType = image.png; path = "InstanceStateOther@2x.png"; sourceTree = "<group>"; };
		C33F79C915FF7EAB0085CCE2 /* InstanceStateRefreshing@2x.png */ = {isa = PBXFileReference; lastKnownFileType = image.png; path = "InstanceStateRefreshing@2x.png"; sourceTree = "<group>"; };
		C33F79CA15FF7EAB0085CCE2 /* InstanceStateRunning@2x.png */ = {isa = PBXFileReference; lastKnownFileType = image.png; path = "InstanceStateRunning@2x.png"; sourceTree = "<group>"; };
		C33F79CB15FF7EAB0085CCE2 /* InstanceStateRunning272@2x.png */ = {isa = PBXFileReference; lastKnownFileType = image.png; path = "InstanceStateRunning272@2x.png"; sourceTree = "<group>"; };
		C33F79CC15FF7EAB0085CCE2 /* InstanceStateStopped@2x.png */ = {isa = PBXFileReference; lastKnownFileType = image.png; path = "InstanceStateStopped@2x.png"; sourceTree = "<group>"; };
		C33F79CD15FF7EAC0085CCE2 /* InstanceStateTerminated@2x.png */ = {isa = PBXFileReference; lastKnownFileType = image.png; path = "InstanceStateTerminated@2x.png"; sourceTree = "<group>"; };
		C3603E5912DC7AA100B13219 /* Progress.png */ = {isa = PBXFileReference; lastKnownFileType = image.png; path = Progress.png; sourceTree = "<group>"; };
		C379FD6512D89BB800D055EF /* Security.framework */ = {isa = PBXFileReference; lastKnownFileType = wrapper.framework; name = Security.framework; path = System/Library/Frameworks/Security.framework; sourceTree = SDKROOT; };
		C38ACE2514D29F7900A7C1E0 /* EC2Group.h */ = {isa = PBXFileReference; fileEncoding = 4; lastKnownFileType = sourcecode.c.h; path = EC2Group.h; sourceTree = "<group>"; };
		C38ACE2614D29F7900A7C1E0 /* EC2Group.m */ = {isa = PBXFileReference; fileEncoding = 4; lastKnownFileType = sourcecode.c.objc; path = EC2Group.m; sourceTree = "<group>"; };
		C391BB0A12CB9F3E00BD929A /* AWSErrorResponse.h */ = {isa = PBXFileReference; fileEncoding = 4; lastKnownFileType = sourcecode.c.h; path = AWSErrorResponse.h; sourceTree = "<group>"; };
		C391BB0B12CB9F3E00BD929A /* AWSErrorResponse.m */ = {isa = PBXFileReference; fileEncoding = 4; lastKnownFileType = sourcecode.c.objc; path = AWSErrorResponse.m; sourceTree = "<group>"; };
		C391BB0D12CBA0C600BD929A /* EC2ErrorResponse.h */ = {isa = PBXFileReference; fileEncoding = 4; lastKnownFileType = sourcecode.c.h; path = EC2ErrorResponse.h; sourceTree = "<group>"; };
		C391BB0E12CBA0C600BD929A /* EC2ErrorResponse.m */ = {isa = PBXFileReference; fileEncoding = 4; lastKnownFileType = sourcecode.c.objc; path = EC2ErrorResponse.m; sourceTree = "<group>"; };
		C391BB1012CBA10A00BD929A /* MonitoringErrorResponse.h */ = {isa = PBXFileReference; fileEncoding = 4; lastKnownFileType = sourcecode.c.h; path = MonitoringErrorResponse.h; sourceTree = "<group>"; };
		C391BB1112CBA10A00BD929A /* MonitoringErrorResponse.m */ = {isa = PBXFileReference; fileEncoding = 4; lastKnownFileType = sourcecode.c.objc; path = MonitoringErrorResponse.m; sourceTree = "<group>"; };
		C39E88D2136A952C00397C30 /* InstanceStateRunning272.png */ = {isa = PBXFileReference; lastKnownFileType = image.png; path = InstanceStateRunning272.png; sourceTree = "<group>"; };
		C3A3F3BE14C85F3100397B2D /* BR.png */ = {isa = PBXFileReference; lastKnownFileType = image.png; path = BR.png; sourceTree = "<group>"; };
		C3B3741A12D4B36200A1E47E /* Notification.png */ = {isa = PBXFileReference; lastKnownFileType = image.png; path = Notification.png; sourceTree = "<group>"; };
		C3B3741B12D4B36200A1E47E /* Error.png */ = {isa = PBXFileReference; lastKnownFileType = image.png; path = Error.png; sourceTree = "<group>"; };
		C3BC74D913E13BFE0061D438 /* Account.h */ = {isa = PBXFileReference; fileEncoding = 4; lastKnownFileType = sourcecode.c.h; name = Account.h; path = ElasticsPreferences/Classes/Account.h; sourceTree = SOURCE_ROOT; };
		C3BC74DA13E13BFE0061D438 /* Account.m */ = {isa = PBXFileReference; fileEncoding = 4; lastKnownFileType = sourcecode.c.objc; name = Account.m; path = ElasticsPreferences/Classes/Account.m; sourceTree = SOURCE_ROOT; };
		C3BC74DB13E13BFE0061D438 /* AccountsManager.h */ = {isa = PBXFileReference; fileEncoding = 4; lastKnownFileType = sourcecode.c.h; name = AccountsManager.h; path = ElasticsPreferences/Classes/AccountsManager.h; sourceTree = SOURCE_ROOT; };
		C3BC74DC13E13BFE0061D438 /* AccountsManager.m */ = {isa = PBXFileReference; fileEncoding = 4; lastKnownFileType = sourcecode.c.objc; name = AccountsManager.m; path = ElasticsPreferences/Classes/AccountsManager.m; sourceTree = SOURCE_ROOT; };
		C3C8A1C614C9AE0F00DF4E0E /* TBDebug.h */ = {isa = PBXFileReference; fileEncoding = 4; lastKnownFileType = sourcecode.c.h; name = TBDebug.h; path = ../TBDebug.h; sourceTree = "<group>"; };
		C3C8A1C714C9AE0F00DF4E0E /* TBMacros.h */ = {isa = PBXFileReference; fileEncoding = 4; lastKnownFileType = sourcecode.c.h; name = TBMacros.h; path = ../TBMacros.h; sourceTree = "<group>"; };
		C3CC6E5615FF862B0051503D /* Error@2x.png */ = {isa = PBXFileReference; lastKnownFileType = image.png; path = "Error@2x.png"; sourceTree = "<group>"; };
		C3CC6E5715FF862B0051503D /* Notification@2x.png */ = {isa = PBXFileReference; lastKnownFileType = image.png; path = "Notification@2x.png"; sourceTree = "<group>"; };
		C3CC6E5815FF862B0051503D /* Progress@2x.png */ = {isa = PBXFileReference; lastKnownFileType = image.png; path = "Progress@2x.png"; sourceTree = "<group>"; };
		C3CC6E5C15FF86BC0051503D /* StatusItem@2x.png */ = {isa = PBXFileReference; lastKnownFileType = image.png; path = "StatusItem@2x.png"; sourceTree = "<group>"; };
		C3CC6E5D15FF86BC0051503D /* StatusItemAlert@2x.png */ = {isa = PBXFileReference; lastKnownFileType = image.png; path = "StatusItemAlert@2x.png"; sourceTree = "<group>"; };
		C3CE021812D76678006E87EF /* StatusItemAlert.png */ = {isa = PBXFileReference; lastKnownFileType = image.png; path = StatusItemAlert.png; sourceTree = "<group>"; };
		C3D1D9C112DB2857005E576A /* InstanceStateRefreshing.png */ = {isa = PBXFileReference; lastKnownFileType = image.png; path = InstanceStateRefreshing.png; sourceTree = "<group>"; };
		C3D1DA6B12DB32C0005E576A /* ValidateReceipt.h */ = {isa = PBXFileReference; fileEncoding = 4; lastKnownFileType = sourcecode.c.h; name = ValidateReceipt.h; path = Classes/ValidateReceipt.h; sourceTree = "<group>"; };
		C3D1DA6C12DB32C0005E576A /* ValidateReceipt.m */ = {isa = PBXFileReference; fileEncoding = 4; lastKnownFileType = sourcecode.c.objc; name = ValidateReceipt.m; path = Classes/ValidateReceipt.m; sourceTree = "<group>"; };
		C3D1DA7F12DB33D8005E576A /* libcrypto.dylib */ = {isa = PBXFileReference; lastKnownFileType = "compiled.mach-o.dylib"; name = libcrypto.dylib; path = usr/lib/libcrypto.dylib; sourceTree = SDKROOT; };
		C3D1DA8312DB33E5005E576A /* IOKit.framework */ = {isa = PBXFileReference; lastKnownFileType = wrapper.framework; name = IOKit.framework; path = System/Library/Frameworks/IOKit.framework; sourceTree = SDKROOT; };
		C3D1DB3F12DB3471005E576A /* Constants.h */ = {isa = PBXFileReference; fileEncoding = 4; lastKnownFileType = sourcecode.c.h; path = Constants.h; sourceTree = "<group>"; };
		C3D1DB4012DB3471005E576A /* Constants.m */ = {isa = PBXFileReference; fileEncoding = 4; lastKnownFileType = sourcecode.c.objc; path = Constants.m; sourceTree = "<group>"; };
		C3D1DC6812DB574F005E576A /* Credits.html */ = {isa = PBXFileReference; fileEncoding = 4; lastKnownFileType = text.html; path = Credits.html; sourceTree = "<group>"; };
		C3DAED6C12C34DE200A0106D /* ChartView.h */ = {isa = PBXFileReference; fileEncoding = 4; lastKnownFileType = sourcecode.c.h; path = ChartView.h; sourceTree = "<group>"; };
		C3DAED6D12C34DE200A0106D /* ChartView.m */ = {isa = PBXFileReference; fileEncoding = 4; lastKnownFileType = sourcecode.c.objc; path = ChartView.m; sourceTree = "<group>"; };
		C3E2048514A39CEA00AE23A6 /* TODO */ = {isa = PBXFileReference; fileEncoding = 4; lastKnownFileType = text; path = TODO; sourceTree = "<group>"; };
		C3EA80EB13E1702A00FFFF7F /* EU.png */ = {isa = PBXFileReference; lastKnownFileType = image.png; path = EU.png; sourceTree = "<group>"; };
		C3EA80EC13E1702A00FFFF7F /* JP.png */ = {isa = PBXFileReference; lastKnownFileType = image.png; path = JP.png; sourceTree = "<group>"; };
		C3EA80ED13E1702A00FFFF7F /* SG.png */ = {isa = PBXFileReference; lastKnownFileType = image.png; path = SG.png; sourceTree = "<group>"; };
		C3EA80EE13E1702A00FFFF7F /* US.png */ = {isa = PBXFileReference; lastKnownFileType = image.png; path = US.png; sourceTree = "<group>"; };
		C3F19E6C12C60E87001AB554 /* EC2Monitoring.h */ = {isa = PBXFileReference; fileEncoding = 4; lastKnownFileType = sourcecode.c.h; path = EC2Monitoring.h; sourceTree = "<group>"; };
		C3F19E6D12C60E87001AB554 /* EC2Monitoring.m */ = {isa = PBXFileReference; fileEncoding = 4; lastKnownFileType = sourcecode.c.objc; path = EC2Monitoring.m; sourceTree = "<group>"; };
		C3F1A54B12C78F98001AB554 /* ElasticsPreferences.xcodeproj */ = {isa = PBXFileReference; lastKnownFileType = "wrapper.pb-project"; name = ElasticsPreferences.xcodeproj; path = ElasticsPreferences/ElasticsPreferences.xcodeproj; sourceTree = "<group>"; };
		C3F1A65C12C7A7EF001AB554 /* Preferences.h */ = {isa = PBXFileReference; fileEncoding = 4; lastKnownFileType = sourcecode.c.h; name = Preferences.h; path = ElasticsPreferences/Classes/Preferences.h; sourceTree = SOURCE_ROOT; };
		C3F1A65D12C7A7EF001AB554 /* Preferences.m */ = {isa = PBXFileReference; fileEncoding = 4; lastKnownFileType = sourcecode.c.objc; name = Preferences.m; path = ElasticsPreferences/Classes/Preferences.m; sourceTree = SOURCE_ROOT; };
/* End PBXFileReference section */

/* Begin PBXFrameworksBuildPhase section */
		8D11072E0486CEB800E47090 /* Frameworks */ = {
			isa = PBXFrameworksBuildPhase;
			buildActionMask = 2147483647;
			files = (
				8D11072F0486CEB800E47090 /* Cocoa.framework in Frameworks */,
				C379FD6612D89BB800D055EF /* Security.framework in Frameworks */,
				C32C30FA12C20F2F00F2C136 /* QuartzCore.framework in Frameworks */,
				C3D1DA8412DB33E5005E576A /* IOKit.framework in Frameworks */,
				C32C29CA12C0C9BB00F2C136 /* libz.dylib in Frameworks */,
				C3D1DA8012DB33D8005E576A /* libcrypto.dylib in Frameworks */,
				E347F3BF864B12240C98FA2D /* libPods-Elastics.a in Frameworks */,
			);
			runOnlyForDeploymentPostprocessing = 0;
		};
/* End PBXFrameworksBuildPhase section */

/* Begin PBXGroup section */
		080E96DDFE201D6D7F000001 /* Classes */ = {
			isa = PBXGroup;
			children = (
				C3D1DB3F12DB3471005E576A /* Constants.h */,
				C3D1DB4012DB3471005E576A /* Constants.m */,
				256AC3D80F4B6AC300CF3369 /* ElasticsAppDelegate.h */,
				256AC3D90F4B6AC300CF3369 /* ElasticsAppDelegate.m */,
				C32C2A0012C0CF2000F2C136 /* DataSource.h */,
				C32C2A0112C0CF2000F2C136 /* DataSource.m */,
				C3DAED6C12C34DE200A0106D /* ChartView.h */,
				C3DAED6D12C34DE200A0106D /* ChartView.m */,
				C3F1A65C12C7A7EF001AB554 /* Preferences.h */,
				C3F1A65D12C7A7EF001AB554 /* Preferences.m */,
				C3BC74D913E13BFE0061D438 /* Account.h */,
				C3BC74DA13E13BFE0061D438 /* Account.m */,
				C3BC74DB13E13BFE0061D438 /* AccountsManager.h */,
				C3BC74DC13E13BFE0061D438 /* AccountsManager.m */,
				C3C8A1C614C9AE0F00DF4E0E /* TBDebug.h */,
				C3C8A1C714C9AE0F00DF4E0E /* TBMacros.h */,
			);
			path = Classes;
			sourceTree = "<group>";
		};
		1058C7A0FEA54F0111CA2CBB /* Linked Frameworks */ = {
			isa = PBXGroup;
			children = (
				29B97325FDCFA39411CA2CEA /* Foundation.framework */,
				29B97324FDCFA39411CA2CEA /* AppKit.framework */,
				1058C7A1FEA54F0111CA2CBB /* Cocoa.framework */,
				C32C30F912C20F2F00F2C136 /* QuartzCore.framework */,
				C379FD6512D89BB800D055EF /* Security.framework */,
				C3D1DA8312DB33E5005E576A /* IOKit.framework */,
				C32C29C912C0C9BB00F2C136 /* libz.dylib */,
				C3D1DA7F12DB33D8005E576A /* libcrypto.dylib */,
			);
			name = "Linked Frameworks";
			sourceTree = "<group>";
		};
		19C28FACFE9D520D11CA2CBB /* Products */ = {
			isa = PBXGroup;
			children = (
				8D1107320486CEB800E47090 /* Elastics.app */,
			);
			name = Products;
			sourceTree = "<group>";
		};
		29B97314FDCFA39411CA2CEA /* Elastics */ = {
			isa = PBXGroup;
			children = (
				C3F1A54B12C78F98001AB554 /* ElasticsPreferences.xcodeproj */,
				C32C290912C0C60900F2C136 /* API */,
				080E96DDFE201D6D7F000001 /* Classes */,
				C32C298712C0C63900F2C136 /* TBXML */,
				C3D1DA6912DB32A2005E576A /* Receipt Validation */,
				29B97315FDCFA39411CA2CEA /* Other Sources */,
				29B97317FDCFA39411CA2CEA /* Resources */,
				29B97323FDCFA39411CA2CEA /* Frameworks */,
				19C28FACFE9D520D11CA2CBB /* Products */,
				C32C28C912C0C09200F2C136 /* Elastics.xcconfig */,
				C3E2048514A39CEA00AE23A6 /* TODO */,
				A638622C9D08E02E6D126C1A /* Pods */,
			);
			name = Elastics;
			sourceTree = "<group>";
		};
		29B97315FDCFA39411CA2CEA /* Other Sources */ = {
			isa = PBXGroup;
			children = (
				256AC3F00F4B6AF500CF3369 /* Elastics_Prefix.pch */,
				29B97316FDCFA39411CA2CEA /* main.m */,
			);
			name = "Other Sources";
			sourceTree = "<group>";
		};
		29B97317FDCFA39411CA2CEA /* Resources */ = {
			isa = PBXGroup;
			children = (
				C33F79B415FF4D310085CCE2 /* Icon.iconset */,
				C32C29EA12C0CB7200F2C136 /* Images */,
				C3D1DC6812DB574F005E576A /* Credits.html */,
				8D1107310486CEB800E47090 /* Info.plist */,
				089C165CFE840E0CC02AAC07 /* InfoPlist.strings */,
				1DDD58140DA1D0A300B32029 /* MainMenu.xib */,
			);
			path = Resources;
			sourceTree = "<group>";
		};
		29B97323FDCFA39411CA2CEA /* Frameworks */ = {
			isa = PBXGroup;
			children = (
				1058C7A0FEA54F0111CA2CBB /* Linked Frameworks */,
				003AE9D4D1E7AA3325CB24A9 /* libPods-Elastics.a */,
			);
			name = Frameworks;
			sourceTree = "<group>";
		};
		A638622C9D08E02E6D126C1A /* Pods */ = {
			isa = PBXGroup;
			children = (
				A0C22F444421D2DA67DA12C0 /* Pods-Elastics.debug.xcconfig */,
				87EB7D96B198939682A612BD /* Pods-Elastics.beta.xcconfig */,
				3020831BFDCCDD721E7EB304 /* Pods-Elastics.release.xcconfig */,
				9C02C0999365F73C0ACE9E1B /* Pods-Elastics.distribution.xcconfig */,
			);
			name = Pods;
			sourceTree = "<group>";
		};
		C32C290912C0C60900F2C136 /* API */ = {
			isa = PBXGroup;
			children = (
				C32C292E12C0C60900F2C136 /* Types */,
				C32C291412C0C60900F2C136 /* Requests */,
				C32C292112C0C60900F2C136 /* Responses */,
				C32C290A12C0C60900F2C136 /* AWSConstants.h */,
				C32C290B12C0C60900F2C136 /* AWSConstants.m */,
				C32C290E12C0C60900F2C136 /* NSData+Base64.h */,
				C32C290F12C0C60900F2C136 /* NSData+Base64.m */,
				C32C291012C0C60900F2C136 /* NSString+HMAC-SHA1.h */,
				C32C291112C0C60900F2C136 /* NSString+HMAC-SHA1.m */,
				C32C291212C0C60900F2C136 /* NSString+URLEncoding.h */,
				C32C291312C0C60900F2C136 /* NSString+URLEncoding.m */,
				C32C327E12C239FE00F2C136 /* NSDate+StringConversions.h */,
				C32C327F12C239FE00F2C136 /* NSDate+StringConversions.m */,
				C32C32AF12C23CDA00F2C136 /* NSString+DateConversions.h */,
				C32C32B012C23CDA00F2C136 /* NSString+DateConversions.m */,
			);
			path = API;
			sourceTree = "<group>";
		};
		C32C291412C0C60900F2C136 /* Requests */ = {
			isa = PBXGroup;
			children = (
				C32C290C12C0C60900F2C136 /* AWSRequest.h */,
				C32C290D12C0C60900F2C136 /* AWSRequest.m */,
				C32C319212C21F1900F2C136 /* EC2Request.h */,
				C32C319312C21F1900F2C136 /* EC2Request.m */,
				C32C291912C0C60900F2C136 /* EC2DescribeInstancesRequest.h */,
				C32C291A12C0C60900F2C136 /* EC2DescribeInstancesRequest.m */,
				C32C319512C21F7E00F2C136 /* MonitoringRequest.h */,
				C32C319612C21F7E00F2C136 /* MonitoringRequest.m */,
				C32C31D412C22D1C00F2C136 /* MonitoringGetMetricStatisticsRequest.h */,
				C32C31D512C22D1C00F2C136 /* MonitoringGetMetricStatisticsRequest.m */,
			);
			path = Requests;
			sourceTree = "<group>";
		};
		C32C292112C0C60900F2C136 /* Responses */ = {
			isa = PBXGroup;
			children = (
				C32C292C12C0C60900F2C136 /* AWSResponse.h */,
				C32C292D12C0C60900F2C136 /* AWSResponse.m */,
				C391BB0A12CB9F3E00BD929A /* AWSErrorResponse.h */,
				C391BB0B12CB9F3E00BD929A /* AWSErrorResponse.m */,
				C391BB0D12CBA0C600BD929A /* EC2ErrorResponse.h */,
				C391BB0E12CBA0C600BD929A /* EC2ErrorResponse.m */,
				C391BB1012CBA10A00BD929A /* MonitoringErrorResponse.h */,
				C391BB1112CBA10A00BD929A /* MonitoringErrorResponse.m */,
				C32C31DF12C22DBA00F2C136 /* EC2Response.h */,
				C32C31E012C22DBA00F2C136 /* EC2Response.m */,
				C32C292612C0C60900F2C136 /* EC2DescribeInstancesResponse.h */,
				C32C292712C0C60900F2C136 /* EC2DescribeInstancesResponse.m */,
				C32C321512C2312E00F2C136 /* MonitoringResponse.h */,
				C32C321612C2312E00F2C136 /* MonitoringResponse.m */,
				C32C321812C2319D00F2C136 /* MonitoringGetMetricStatisticsResponse.h */,
				C32C321912C2319D00F2C136 /* MonitoringGetMetricStatisticsResponse.m */,
			);
			path = Responses;
			sourceTree = "<group>";
		};
		C32C292E12C0C60900F2C136 /* Types */ = {
			isa = PBXGroup;
			children = (
				C32C299C12C0C7FF00F2C136 /* AWSType.h */,
				C32C299D12C0C7FF00F2C136 /* AWSType.m */,
				C32823E112C90E1900020D48 /* AWSError.h */,
				C32823E212C90E1900020D48 /* AWSError.m */,
				C32C293B12C0C60900F2C136 /* EC2Instance.h */,
				C32C293C12C0C60900F2C136 /* EC2Instance.m */,
				C32C294112C0C60900F2C136 /* EC2InstanceState.h */,
				C32C294212C0C60900F2C136 /* EC2InstanceState.m */,
				C38ACE2514D29F7900A7C1E0 /* EC2Group.h */,
				C38ACE2614D29F7900A7C1E0 /* EC2Group.m */,
				C3F19E6C12C60E87001AB554 /* EC2Monitoring.h */,
				C3F19E6D12C60E87001AB554 /* EC2Monitoring.m */,
				C32C29BC12C0C93500F2C136 /* EC2Reservation.h */,
				C32C29BD12C0C93500F2C136 /* EC2Reservation.m */,
				C311E2DE14B1B177000CB004 /* EC2Placement.h */,
				C311E2DF14B1B177000CB004 /* EC2Placement.m */,
				C32C295512C0C60900F2C136 /* EC2Tag.h */,
				C32C295612C0C60900F2C136 /* EC2Tag.m */,
				C32C32F712C23FE000F2C136 /* MonitoringDatapoint.h */,
				C32C32F812C23FE000F2C136 /* MonitoringDatapoint.m */,
				C32C33C212C24F4200F2C136 /* MonitoringStatisticsResult.h */,
				C32C33C312C24F4200F2C136 /* MonitoringStatisticsResult.m */,
			);
			path = Types;
			sourceTree = "<group>";
		};
		C32C298712C0C63900F2C136 /* TBXML */ = {
			isa = PBXGroup;
			children = (
				C32C298812C0C63900F2C136 /* NSDataAdditions.h */,
				C32C298912C0C63900F2C136 /* NSDataAdditions.m */,
				C32C298A12C0C63900F2C136 /* TBXML.h */,
				C32C298B12C0C63900F2C136 /* TBXML.m */,
			);
			path = TBXML;
			sourceTree = "<group>";
		};
		C32C29EA12C0CB7200F2C136 /* Images */ = {
			isa = PBXGroup;
			children = (
				C3EA80EE13E1702A00FFFF7F /* US.png */,
				C33F79C115FF7ACC0085CCE2 /* US@2x.png */,
				C3EA80EB13E1702A00FFFF7F /* EU.png */,
				C33F79BE15FF7ACC0085CCE2 /* EU@2x.png */,
				C3EA80ED13E1702A00FFFF7F /* SG.png */,
				C33F79C015FF7ACC0085CCE2 /* SG@2x.png */,
				C3EA80EC13E1702A00FFFF7F /* JP.png */,
				C33F79BF15FF7ACC0085CCE2 /* JP@2x.png */,
				C3A3F3BE14C85F3100397B2D /* BR.png */,
				C33F79C615FF7B280085CCE2 /* BR@2x.png */,
				C3603E5912DC7AA100B13219 /* Progress.png */,
				C3CC6E5815FF862B0051503D /* Progress@2x.png */,
				C3B3741A12D4B36200A1E47E /* Notification.png */,
				C3CC6E5715FF862B0051503D /* Notification@2x.png */,
				C3B3741B12D4B36200A1E47E /* Error.png */,
				C3CC6E5615FF862B0051503D /* Error@2x.png */,
				C32C2B5212C0E2B600F2C136 /* StatusItem.png */,
				C3CC6E5C15FF86BC0051503D /* StatusItem@2x.png */,
				C3CE021812D76678006E87EF /* StatusItemAlert.png */,
				C3CC6E5D15FF86BC0051503D /* StatusItemAlert@2x.png */,
				C32C2B4E12C0E2B600F2C136 /* InstanceStateOther.png */,
				C33F79C815FF7EAB0085CCE2 /* InstanceStateOther@2x.png */,
				C32C2B4F12C0E2B600F2C136 /* InstanceStateRunning.png */,
				C33F79CA15FF7EAB0085CCE2 /* InstanceStateRunning@2x.png */,
				C32C2B5012C0E2B600F2C136 /* InstanceStateStopped.png */,
				C33F79CC15FF7EAB0085CCE2 /* InstanceStateStopped@2x.png */,
				C32C2B5112C0E2B600F2C136 /* InstanceStateTerminated.png */,
				C33F79CD15FF7EAC0085CCE2 /* InstanceStateTerminated@2x.png */,
				C3D1D9C112DB2857005E576A /* InstanceStateRefreshing.png */,
				C33F79C915FF7EAB0085CCE2 /* InstanceStateRefreshing@2x.png */,
				C39E88D2136A952C00397C30 /* InstanceStateRunning272.png */,
				C33F79CB15FF7EAB0085CCE2 /* InstanceStateRunning272@2x.png */,
			);
			path = Images;
			sourceTree = "<group>";
		};
		C3BFED5712D76B1A007A4EDF /* Products */ = {
			isa = PBXGroup;
			children = (
				C3BFED5B12D76B1A007A4EDF /* Elastics Preferences.app */,
			);
			name = Products;
			sourceTree = "<group>";
		};
		C3D1DA6912DB32A2005E576A /* Receipt Validation */ = {
			isa = PBXGroup;
			children = (
				C3D1DA6B12DB32C0005E576A /* ValidateReceipt.h */,
				C3D1DA6C12DB32C0005E576A /* ValidateReceipt.m */,
			);
			name = "Receipt Validation";
			sourceTree = "<group>";
		};
/* End PBXGroup section */

/* Begin PBXNativeTarget section */
		8D1107260486CEB800E47090 /* Elastics */ = {
			isa = PBXNativeTarget;
			buildConfigurationList = C01FCF4A08A954540054247B /* Build configuration list for PBXNativeTarget "Elastics" */;
			buildPhases = (
				57C306C9744E2E743795257D /* 📦 Check Pods Manifest.lock */,
				8D1107290486CEB800E47090 /* Resources */,
				8D11072C0486CEB800E47090 /* Sources */,
				8D11072E0486CEB800E47090 /* Frameworks */,
				C3F1A56A12C79033001AB554 /* CopyFiles */,
				520C514C6A6BA0DB0ADD94D9 /* 📦 Embed Pods Frameworks */,
				D8D74B492BA46D8905D720DB /* 📦 Copy Pods Resources */,
			);
			buildRules = (
			);
			dependencies = (
				C36C7D2713126103001158B6 /* PBXTargetDependency */,
			);
			name = Elastics;
			productInstallPath = "$(HOME)/Applications";
			productName = Elastics;
			productReference = 8D1107320486CEB800E47090 /* Elastics.app */;
			productType = "com.apple.product-type.application";
		};
/* End PBXNativeTarget section */

/* Begin PBXProject section */
		29B97313FDCFA39411CA2CEA /* Project object */ = {
			isa = PBXProject;
			attributes = {
				LastUpgradeCheck = 0420;
				ORGANIZATIONNAME = "Tundra Bot";
			};
			buildConfigurationList = C01FCF4E08A954540054247B /* Build configuration list for PBXProject "Elastics" */;
			compatibilityVersion = "Xcode 3.2";
			developmentRegion = English;
			hasScannedForEncodings = 1;
			knownRegions = (
				English,
				Japanese,
				French,
				German,
			);
			mainGroup = 29B97314FDCFA39411CA2CEA /* Elastics */;
			projectDirPath = "";
			projectReferences = (
				{
					ProductGroup = C3BFED5712D76B1A007A4EDF /* Products */;
					ProjectRef = C3F1A54B12C78F98001AB554 /* ElasticsPreferences.xcodeproj */;
				},
			);
			projectRoot = "";
			targets = (
				8D1107260486CEB800E47090 /* Elastics */,
			);
		};
/* End PBXProject section */

/* Begin PBXReferenceProxy section */
		C3BFED5B12D76B1A007A4EDF /* Elastics Preferences.app */ = {
			isa = PBXReferenceProxy;
			fileType = wrapper.application;
			path = "Elastics Preferences.app";
			remoteRef = C3BFED5A12D76B1A007A4EDF /* PBXContainerItemProxy */;
			sourceTree = BUILT_PRODUCTS_DIR;
		};
/* End PBXReferenceProxy section */

/* Begin PBXResourcesBuildPhase section */
		8D1107290486CEB800E47090 /* Resources */ = {
			isa = PBXResourcesBuildPhase;
			buildActionMask = 2147483647;
			files = (
				8D11072B0486CEB800E47090 /* InfoPlist.strings in Resources */,
				1DDD58160DA1D0A300B32029 /* MainMenu.xib in Resources */,
				C32C2B5312C0E2B600F2C136 /* InstanceStateOther.png in Resources */,
				C32C2B5412C0E2B600F2C136 /* InstanceStateRunning.png in Resources */,
				C32C2B5512C0E2B600F2C136 /* InstanceStateStopped.png in Resources */,
				C32C2B5612C0E2B600F2C136 /* InstanceStateTerminated.png in Resources */,
				C32C2B5712C0E2B600F2C136 /* StatusItem.png in Resources */,
				C3B3741C12D4B36200A1E47E /* Notification.png in Resources */,
				C3B3741D12D4B36200A1E47E /* Error.png in Resources */,
				C3CE021912D76678006E87EF /* StatusItemAlert.png in Resources */,
				C3D1D9C212DB2857005E576A /* InstanceStateRefreshing.png in Resources */,
				C3D1DC6912DB574F005E576A /* Credits.html in Resources */,
				C3603E5A12DC7AA100B13219 /* Progress.png in Resources */,
				C39E88D3136A952C00397C30 /* InstanceStateRunning272.png in Resources */,
				C3EA80EF13E1702A00FFFF7F /* EU.png in Resources */,
				C3EA80F013E1702A00FFFF7F /* JP.png in Resources */,
				C3EA80F113E1702A00FFFF7F /* SG.png in Resources */,
				C3EA80F213E1702A00FFFF7F /* US.png in Resources */,
				C3A3F3BF14C85F3100397B2D /* BR.png in Resources */,
				C33F79B515FF4D310085CCE2 /* Icon.iconset in Resources */,
				C33F79C215FF7ACC0085CCE2 /* EU@2x.png in Resources */,
				C33F79C315FF7ACC0085CCE2 /* JP@2x.png in Resources */,
				C33F79C415FF7ACC0085CCE2 /* SG@2x.png in Resources */,
				C33F79C515FF7ACC0085CCE2 /* US@2x.png in Resources */,
				C33F79C715FF7B280085CCE2 /* BR@2x.png in Resources */,
				C33F79CE15FF7EAC0085CCE2 /* InstanceStateOther@2x.png in Resources */,
				C33F79CF15FF7EAC0085CCE2 /* InstanceStateRefreshing@2x.png in Resources */,
				C33F79D015FF7EAC0085CCE2 /* InstanceStateRunning@2x.png in Resources */,
				C33F79D115FF7EAC0085CCE2 /* InstanceStateRunning272@2x.png in Resources */,
				C33F79D215FF7EAC0085CCE2 /* InstanceStateStopped@2x.png in Resources */,
				C33F79D315FF7EAC0085CCE2 /* InstanceStateTerminated@2x.png in Resources */,
				C3CC6E5915FF862B0051503D /* Error@2x.png in Resources */,
				C3CC6E5A15FF862B0051503D /* Notification@2x.png in Resources */,
				C3CC6E5B15FF862B0051503D /* Progress@2x.png in Resources */,
				C3CC6E5E15FF86BC0051503D /* StatusItem@2x.png in Resources */,
				C3CC6E5F15FF86BC0051503D /* StatusItemAlert@2x.png in Resources */,
			);
			runOnlyForDeploymentPostprocessing = 0;
		};
/* End PBXResourcesBuildPhase section */

/* Begin PBXShellScriptBuildPhase section */
		520C514C6A6BA0DB0ADD94D9 /* 📦 Embed Pods Frameworks */ = {
			isa = PBXShellScriptBuildPhase;
			buildActionMask = 2147483647;
			files = (
			);
			inputPaths = (
			);
			name = "📦 Embed Pods Frameworks";
			outputPaths = (
			);
			runOnlyForDeploymentPostprocessing = 0;
			shellPath = /bin/sh;
			shellScript = "\"${SRCROOT}/Pods/Target Support Files/Pods-Elastics/Pods-Elastics-frameworks.sh\"\n";
			showEnvVarsInLog = 0;
		};
		57C306C9744E2E743795257D /* 📦 Check Pods Manifest.lock */ = {
			isa = PBXShellScriptBuildPhase;
			buildActionMask = 2147483647;
			files = (
			);
			inputPaths = (
			);
			name = "📦 Check Pods Manifest.lock";
			outputPaths = (
			);
			runOnlyForDeploymentPostprocessing = 0;
			shellPath = /bin/sh;
			shellScript = "diff \"${PODS_ROOT}/../Podfile.lock\" \"${PODS_ROOT}/Manifest.lock\" > /dev/null\nif [[ $? != 0 ]] ; then\n    cat << EOM\nerror: The sandbox is not in sync with the Podfile.lock. Run 'pod install' or update your CocoaPods installation.\nEOM\n    exit 1\nfi\n";
			showEnvVarsInLog = 0;
		};
		D8D74B492BA46D8905D720DB /* 📦 Copy Pods Resources */ = {
			isa = PBXShellScriptBuildPhase;
			buildActionMask = 2147483647;
			files = (
			);
			inputPaths = (
			);
			name = "📦 Copy Pods Resources";
			outputPaths = (
			);
			runOnlyForDeploymentPostprocessing = 0;
			shellPath = /bin/sh;
			shellScript = "\"${SRCROOT}/Pods/Target Support Files/Pods-Elastics/Pods-Elastics-resources.sh\"\n";
			showEnvVarsInLog = 0;
		};
/* End PBXShellScriptBuildPhase section */

/* Begin PBXSourcesBuildPhase section */
		8D11072C0486CEB800E47090 /* Sources */ = {
			isa = PBXSourcesBuildPhase;
			buildActionMask = 2147483647;
			files = (
				8D11072D0486CEB800E47090 /* main.m in Sources */,
				256AC3DA0F4B6AC300CF3369 /* ElasticsAppDelegate.m in Sources */,
				C32C295D12C0C60900F2C136 /* AWSConstants.m in Sources */,
				C32C295E12C0C60900F2C136 /* AWSRequest.m in Sources */,
				C32C295F12C0C60900F2C136 /* NSData+Base64.m in Sources */,
				C32C296012C0C60900F2C136 /* NSString+HMAC-SHA1.m in Sources */,
				C32C296112C0C60900F2C136 /* NSString+URLEncoding.m in Sources */,
				C32C296412C0C60900F2C136 /* EC2DescribeInstancesRequest.m in Sources */,
				C32C296A12C0C60900F2C136 /* EC2DescribeInstancesResponse.m in Sources */,
				C32C296D12C0C60900F2C136 /* AWSResponse.m in Sources */,
				C32C297412C0C60900F2C136 /* EC2Instance.m in Sources */,
				C32C297712C0C60900F2C136 /* EC2InstanceState.m in Sources */,
				C32C298112C0C60900F2C136 /* EC2Tag.m in Sources */,
				C32C298C12C0C63900F2C136 /* NSDataAdditions.m in Sources */,
				C32C298D12C0C63900F2C136 /* TBXML.m in Sources */,
				C32C299E12C0C7FF00F2C136 /* AWSType.m in Sources */,
				C32C29BE12C0C93500F2C136 /* EC2Reservation.m in Sources */,
				C32C2A0212C0CF2000F2C136 /* DataSource.m in Sources */,
				C32C319412C21F1900F2C136 /* EC2Request.m in Sources */,
				C32C319712C21F7E00F2C136 /* MonitoringRequest.m in Sources */,
				C32C31D612C22D1C00F2C136 /* MonitoringGetMetricStatisticsRequest.m in Sources */,
				C32C31E112C22DBA00F2C136 /* EC2Response.m in Sources */,
				C32C321712C2312E00F2C136 /* MonitoringResponse.m in Sources */,
				C32C321A12C2319D00F2C136 /* MonitoringGetMetricStatisticsResponse.m in Sources */,
				C32C328012C239FE00F2C136 /* NSDate+StringConversions.m in Sources */,
				C32C32B112C23CDA00F2C136 /* NSString+DateConversions.m in Sources */,
				C32C32F912C23FE000F2C136 /* MonitoringDatapoint.m in Sources */,
				C32C33C412C24F4200F2C136 /* MonitoringStatisticsResult.m in Sources */,
				C3DAED6E12C34DE200A0106D /* ChartView.m in Sources */,
				C3F19E6E12C60E87001AB554 /* EC2Monitoring.m in Sources */,
				C3F1A65E12C7A7EF001AB554 /* Preferences.m in Sources */,
				C32823E312C90E1900020D48 /* AWSError.m in Sources */,
				C391BB0C12CB9F3E00BD929A /* AWSErrorResponse.m in Sources */,
				C391BB0F12CBA0C600BD929A /* EC2ErrorResponse.m in Sources */,
				C391BB1212CBA10A00BD929A /* MonitoringErrorResponse.m in Sources */,
				C3D1DA6D12DB32C0005E576A /* ValidateReceipt.m in Sources */,
				C3D1DB4112DB3471005E576A /* Constants.m in Sources */,
				C3BC74DD13E13BFE0061D438 /* Account.m in Sources */,
				C3BC74DE13E13BFE0061D438 /* AccountsManager.m in Sources */,
				C311E2E014B1B177000CB004 /* EC2Placement.m in Sources */,
				C38ACE2714D29F7900A7C1E0 /* EC2Group.m in Sources */,
			);
			runOnlyForDeploymentPostprocessing = 0;
		};
/* End PBXSourcesBuildPhase section */

/* Begin PBXTargetDependency section */
		C36C7D2713126103001158B6 /* PBXTargetDependency */ = {
			isa = PBXTargetDependency;
			name = "Elastics Preferences";
			targetProxy = C36C7D2613126103001158B6 /* PBXContainerItemProxy */;
		};
/* End PBXTargetDependency section */

/* Begin PBXVariantGroup section */
		089C165CFE840E0CC02AAC07 /* InfoPlist.strings */ = {
			isa = PBXVariantGroup;
			children = (
				089C165DFE840E0CC02AAC07 /* English */,
			);
			name = InfoPlist.strings;
			sourceTree = "<group>";
		};
		1DDD58140DA1D0A300B32029 /* MainMenu.xib */ = {
			isa = PBXVariantGroup;
			children = (
				1DDD58150DA1D0A300B32029 /* English */,
			);
			name = MainMenu.xib;
			sourceTree = "<group>";
		};
/* End PBXVariantGroup section */

/* Begin XCBuildConfiguration section */
		C01FCF4B08A954540054247B /* Debug */ = {
			isa = XCBuildConfiguration;
			baseConfigurationReference = A0C22F444421D2DA67DA12C0 /* Pods-Elastics.debug.xcconfig */;
			buildSettings = {
				GCC_DYNAMIC_NO_PIC = NO;
				GCC_OPTIMIZATION_LEVEL = 0;
				GCC_PRECOMPILE_PREFIX_HEADER = YES;
				GCC_PREFIX_HEADER = Elastics_Prefix.pch;
				INFOPLIST_FILE = Info.plist;
				INSTALL_PATH = "$(HOME)/Applications";
				PRODUCT_NAME = Elastics;
			};
			name = Debug;
		};
		C01FCF4C08A954540054247B /* Release */ = {
			isa = XCBuildConfiguration;
			baseConfigurationReference = 3020831BFDCCDD721E7EB304 /* Pods-Elastics.release.xcconfig */;
			buildSettings = {
				GCC_PRECOMPILE_PREFIX_HEADER = YES;
				GCC_PREFIX_HEADER = Elastics_Prefix.pch;
				INFOPLIST_FILE = Info.plist;
				INSTALL_PATH = "$(HOME)/Applications";
				PRODUCT_NAME = Elastics;
			};
			name = Release;
		};
		C01FCF4F08A954540054247B /* Debug */ = {
			isa = XCBuildConfiguration;
			baseConfigurationReference = C32C28C912C0C09200F2C136 /* Elastics.xcconfig */;
			buildSettings = {
				ARCHS = "$(ARCHS_STANDARD_32_64_BIT)";
				CODE_SIGN_IDENTITY = "3rd Party Mac Developer Application";
				COMBINE_HIDPI_IMAGES = YES;
				COPY_PHASE_STRIP = NO;
				DEBUG_INFORMATION_FORMAT = "dwarf-with-dsym";
				GCC_C_LANGUAGE_STANDARD = gnu99;
				GCC_OPTIMIZATION_LEVEL = 0;
				GCC_PREPROCESSOR_DEFINITIONS = (
					DEBUG,
					TB_DEBUG,
					TB_USE_SAMPLE_RECEIPT,
				);
				MACOSX_DEPLOYMENT_TARGET = 10.6;
				ONLY_ACTIVE_ARCH = YES;
				PROVISIONING_PROFILE = "";
				SDKROOT = macosx;
				VALID_ARCHS = "i386 x86_64";
			};
			name = Debug;
		};
		C01FCF5008A954540054247B /* Release */ = {
			isa = XCBuildConfiguration;
			baseConfigurationReference = C32C28C912C0C09200F2C136 /* Elastics.xcconfig */;
			buildSettings = {
				ARCHS = "$(ARCHS_STANDARD_32_64_BIT)";
				CODE_SIGN_IDENTITY = "3rd Party Mac Developer Application";
				COMBINE_HIDPI_IMAGES = YES;
				COPY_PHASE_STRIP = NO;
				DEBUG_INFORMATION_FORMAT = "dwarf-with-dsym";
				GCC_C_LANGUAGE_STANDARD = gnu99;
				GCC_PREPROCESSOR_DEFINITIONS = NS_BLOCK_ASSERTIONS;
				MACOSX_DEPLOYMENT_TARGET = 10.6;
				PROVISIONING_PROFILE = "";
				SDKROOT = macosx;
				VALID_ARCHS = "i386 x86_64";
			};
			name = Release;
		};
		C3511362144C26E4008F737C /* Beta */ = {
			isa = XCBuildConfiguration;
			baseConfigurationReference = C32C28C912C0C09200F2C136 /* Elastics.xcconfig */;
			buildSettings = {
				ARCHS = "$(ARCHS_STANDARD_32_64_BIT)";
				CODE_SIGN_IDENTITY = "3rd Party Mac Developer Application";
				COMBINE_HIDPI_IMAGES = YES;
				COPY_PHASE_STRIP = NO;
				DEBUG_INFORMATION_FORMAT = "dwarf-with-dsym";
				GCC_C_LANGUAGE_STANDARD = gnu99;
				GCC_OPTIMIZATION_LEVEL = 0;
				GCC_PREPROCESSOR_DEFINITIONS = (
					DEBUG,
					TB_DEBUG,
					TB_SKIP_RECEIPT_VALIDATION,
					TB_USE_EXPIRATION_DATE,
				);
				MACOSX_DEPLOYMENT_TARGET = 10.6;
				ONLY_ACTIVE_ARCH = YES;
				PROVISIONING_PROFILE = "";
				SDKROOT = macosx;
				VALID_ARCHS = "i386 x86_64";
			};
			name = Beta;
		};
		C3511363144C26E4008F737C /* Beta */ = {
			isa = XCBuildConfiguration;
			baseConfigurationReference = 87EB7D96B198939682A612BD /* Pods-Elastics.beta.xcconfig */;
			buildSettings = {
				GCC_DYNAMIC_NO_PIC = NO;
				GCC_OPTIMIZATION_LEVEL = 0;
				GCC_PRECOMPILE_PREFIX_HEADER = YES;
				GCC_PREFIX_HEADER = Elastics_Prefix.pch;
				INFOPLIST_FILE = Info.plist;
				INSTALL_PATH = "$(HOME)/Applications";
				PRODUCT_NAME = Elastics;
			};
			name = Beta;
		};
		C3603AFB12DB93BA00B13219 /* Distribution */ = {
			isa = XCBuildConfiguration;
			baseConfigurationReference = C32C28C912C0C09200F2C136 /* Elastics.xcconfig */;
			buildSettings = {
				ARCHS = "$(ARCHS_STANDARD_32_64_BIT)";
				CODE_SIGN_IDENTITY = "3rd Party Mac Developer Application";
				COMBINE_HIDPI_IMAGES = YES;
				COPY_PHASE_STRIP = NO;
				DEBUG_INFORMATION_FORMAT = "dwarf-with-dsym";
				GCC_C_LANGUAGE_STANDARD = gnu99;
				GCC_PREPROCESSOR_DEFINITIONS = NS_BLOCK_ASSERTIONS;
				MACOSX_DEPLOYMENT_TARGET = 10.6;
				PROVISIONING_PROFILE = "";
				SDKROOT = macosx;
				VALID_ARCHS = "i386 x86_64";
			};
			name = Distribution;
		};
		C3603AFC12DB93BA00B13219 /* Distribution */ = {
			isa = XCBuildConfiguration;
			baseConfigurationReference = 9C02C0999365F73C0ACE9E1B /* Pods-Elastics.distribution.xcconfig */;
			buildSettings = {
				GCC_PRECOMPILE_PREFIX_HEADER = YES;
				GCC_PREFIX_HEADER = Elastics_Prefix.pch;
				INFOPLIST_FILE = Info.plist;
				INSTALL_PATH = "$(HOME)/Applications";
				PRODUCT_NAME = Elastics;
			};
			name = Distribution;
		};
/* End XCBuildConfiguration section */

/* Begin XCConfigurationList section */
		C01FCF4A08A954540054247B /* Build configuration list for PBXNativeTarget "Elastics" */ = {
			isa = XCConfigurationList;
			buildConfigurations = (
				C01FCF4B08A954540054247B /* Debug */,
				C3511363144C26E4008F737C /* Beta */,
				C01FCF4C08A954540054247B /* Release */,
				C3603AFC12DB93BA00B13219 /* Distribution */,
			);
			defaultConfigurationIsVisible = 0;
			defaultConfigurationName = Release;
		};
		C01FCF4E08A954540054247B /* Build configuration list for PBXProject "Elastics" */ = {
			isa = XCConfigurationList;
			buildConfigurations = (
				C01FCF4F08A954540054247B /* Debug */,
				C3511362144C26E4008F737C /* Beta */,
				C01FCF5008A954540054247B /* Release */,
				C3603AFB12DB93BA00B13219 /* Distribution */,
			);
			defaultConfigurationIsVisible = 0;
			defaultConfigurationName = Release;
		};
/* End XCConfigurationList section */
	};
	rootObject = 29B97313FDCFA39411CA2CEA /* Project object */;
}
